// !$*UTF8*$!
{
	archiveVersion = 1;
	classes = {
	};
	objectVersion = 46;
	objects = {

/* Begin PBXBuildFile section */
		722ABA111E7459FB00A3F1DA /* CGFloatExtension.swift in Sources */ = {isa = PBXBuildFile; fileRef = 722ABA101E7459FB00A3F1DA /* CGFloatExtension.swift */; };
		722ABA401E74761100A3F1DA /* SlideNavigationContorllerAnimatorFade.m in Sources */ = {isa = PBXBuildFile; fileRef = 722ABA351E74761100A3F1DA /* SlideNavigationContorllerAnimatorFade.m */; };
		722ABA411E74761100A3F1DA /* SlideNavigationContorllerAnimatorScale.m in Sources */ = {isa = PBXBuildFile; fileRef = 722ABA371E74761100A3F1DA /* SlideNavigationContorllerAnimatorScale.m */; };
		722ABA421E74761100A3F1DA /* SlideNavigationContorllerAnimatorScaleAndFade.m in Sources */ = {isa = PBXBuildFile; fileRef = 722ABA391E74761100A3F1DA /* SlideNavigationContorllerAnimatorScaleAndFade.m */; };
		722ABA431E74761100A3F1DA /* SlideNavigationContorllerAnimatorSlide.m in Sources */ = {isa = PBXBuildFile; fileRef = 722ABA3B1E74761100A3F1DA /* SlideNavigationContorllerAnimatorSlide.m */; };
		722ABA441E74761100A3F1DA /* SlideNavigationContorllerAnimatorSlideAndFade.m in Sources */ = {isa = PBXBuildFile; fileRef = 722ABA3D1E74761100A3F1DA /* SlideNavigationContorllerAnimatorSlideAndFade.m */; };
		722ABA451E74761100A3F1DA /* SlideNavigationController.m in Sources */ = {isa = PBXBuildFile; fileRef = 722ABA3F1E74761100A3F1DA /* SlideNavigationController.m */; };
		72B881A11E65EE5000EB3B2E /* AppDelegate.swift in Sources */ = {isa = PBXBuildFile; fileRef = 72B881A01E65EE5000EB3B2E /* AppDelegate.swift */; };
		72B881A61E65EE5000EB3B2E /* Main.storyboard in Resources */ = {isa = PBXBuildFile; fileRef = 72B881A41E65EE5000EB3B2E /* Main.storyboard */; };
		72B881A91E65EE5000EB3B2E /* locality_swift.xcdatamodeld in Sources */ = {isa = PBXBuildFile; fileRef = 72B881A71E65EE5000EB3B2E /* locality_swift.xcdatamodeld */; };
		72B881AB1E65EE5000EB3B2E /* Assets.xcassets in Resources */ = {isa = PBXBuildFile; fileRef = 72B881AA1E65EE5000EB3B2E /* Assets.xcassets */; };
		72B881AE1E65EE5000EB3B2E /* LaunchScreen.storyboard in Resources */ = {isa = PBXBuildFile; fileRef = 72B881AC1E65EE5000EB3B2E /* LaunchScreen.storyboard */; };
		72B881B91E65EE5000EB3B2E /* locality_swiftTests.swift in Sources */ = {isa = PBXBuildFile; fileRef = 72B881B81E65EE5000EB3B2E /* locality_swiftTests.swift */; };
		72B881C41E65EE5000EB3B2E /* locality_swiftUITests.swift in Sources */ = {isa = PBXBuildFile; fileRef = 72B881C31E65EE5000EB3B2E /* locality_swiftUITests.swift */; };
		72B881D31E65F5E200EB3B2E /* FabricManager.swift in Sources */ = {isa = PBXBuildFile; fileRef = 72B881D21E65F5E200EB3B2E /* FabricManager.swift */; };
		72B881D91E665F3A00EB3B2E /* Config.swift in Sources */ = {isa = PBXBuildFile; fileRef = 72B881D81E665F3A00EB3B2E /* Config.swift */; };
		72B881E01E66AFEF00EB3B2E /* GoogleService-Info.plist in Resources */ = {isa = PBXBuildFile; fileRef = 72B881DF1E66AFEF00EB3B2E /* GoogleService-Info.plist */; };
		72B881E21E66B02F00EB3B2E /* FirebaseManager.swift in Sources */ = {isa = PBXBuildFile; fileRef = 72B881E11E66B02F00EB3B2E /* FirebaseManager.swift */; };
		72B881E61E66B65700EB3B2E /* FacebookManager.swift in Sources */ = {isa = PBXBuildFile; fileRef = 72B881E51E66B65700EB3B2E /* FacebookManager.swift */; };
		72B881EC1E676D8A00EB3B2E /* LandingViewController.swift in Sources */ = {isa = PBXBuildFile; fileRef = 72B881EB1E676D8A00EB3B2E /* LandingViewController.swift */; };
		72B881EF1E67797100EB3B2E /* RoundedRectangleButton.swift in Sources */ = {isa = PBXBuildFile; fileRef = 72B881EE1E67797100EB3B2E /* RoundedRectangleButton.swift */; };
		72B881F41E678D2900EB3B2E /* AngledButtonPairView.swift in Sources */ = {isa = PBXBuildFile; fileRef = 72B881F31E678D2900EB3B2E /* AngledButtonPairView.swift */; };
		72B881F71E67919400EB3B2E /* AngledButtonAttributes.swift in Sources */ = {isa = PBXBuildFile; fileRef = 72B881F61E67919400EB3B2E /* AngledButtonAttributes.swift */; };
		72B881F91E67961E00EB3B2E /* AngledPairButton.swift in Sources */ = {isa = PBXBuildFile; fileRef = 72B881F81E67961E00EB3B2E /* AngledPairButton.swift */; };
		72B881FE1E67DFB100EB3B2E /* LocalityBaseViewController.swift in Sources */ = {isa = PBXBuildFile; fileRef = 72B881FD1E67DFB100EB3B2E /* LocalityBaseViewController.swift */; };
		72B882011E67E79700EB3B2E /* LoginViewController.swift in Sources */ = {isa = PBXBuildFile; fileRef = 72B882001E67E79700EB3B2E /* LoginViewController.swift */; };
		72B882051E67E81900EB3B2E /* BundleExtension.swift in Sources */ = {isa = PBXBuildFile; fileRef = 72B882031E67E81900EB3B2E /* BundleExtension.swift */; };
		72B882061E67E81900EB3B2E /* UIViewExtension.swift in Sources */ = {isa = PBXBuildFile; fileRef = 72B882041E67E81900EB3B2E /* UIViewExtension.swift */; };
		72B882081E688AB300EB3B2E /* CurrentUser.swift in Sources */ = {isa = PBXBuildFile; fileRef = 72B882071E688AB300EB3B2E /* CurrentUser.swift */; };
		72B8820A1E6894BE00EB3B2E /* UserStatus.swift in Sources */ = {isa = PBXBuildFile; fileRef = 72B882091E6894BE00EB3B2E /* UserStatus.swift */; };
		72B8820C1E68B8D100EB3B2E /* JoinViewController.swift in Sources */ = {isa = PBXBuildFile; fileRef = 72B8820B1E68B8D100EB3B2E /* JoinViewController.swift */; };
		72B8820E1E68D10700EB3B2E /* Interstate-LightCondensed.ttf in Resources */ = {isa = PBXBuildFile; fileRef = 72B8820D1E68D10700EB3B2E /* Interstate-LightCondensed.ttf */; };
		72B882101E68EAE200EB3B2E /* StringExtension.swift in Sources */ = {isa = PBXBuildFile; fileRef = 72B8820F1E68EAE200EB3B2E /* StringExtension.swift */; };
		72B882121E68F19D00EB3B2E /* UIViewControllerExtension.swift in Sources */ = {isa = PBXBuildFile; fileRef = 72B882111E68F19D00EB3B2E /* UIViewControllerExtension.swift */; };
		72B882141E693C0500EB3B2E /* JoinValidateViewController.swift in Sources */ = {isa = PBXBuildFile; fileRef = 72B882131E693C0500EB3B2E /* JoinValidateViewController.swift */; };
		72B882161E69434000EB3B2E /* JoinUsernameViewController.swift in Sources */ = {isa = PBXBuildFile; fileRef = 72B882151E69434000EB3B2E /* JoinUsernameViewController.swift */; };
		72B882191E6A8BE800EB3B2E /* CurrentFeedInitializeViewController.swift in Sources */ = {isa = PBXBuildFile; fileRef = 72B882181E6A8BE800EB3B2E /* CurrentFeedInitializeViewController.swift */; };
		72B8821C1E6AA4C200EB3B2E /* MapboxManager.swift in Sources */ = {isa = PBXBuildFile; fileRef = 72B8821B1E6AA4C200EB3B2E /* MapboxManager.swift */; };
		72B8821E1E6AA54800EB3B2E /* Keys.plist in Resources */ = {isa = PBXBuildFile; fileRef = 72B8821D1E6AA54800EB3B2E /* Keys.plist */; };
		72DC48781E6B4A7D00486535 /* CustomPointAnnotation.swift in Sources */ = {isa = PBXBuildFile; fileRef = 72DC48771E6B4A7D00486535 /* CustomPointAnnotation.swift */; };
		72DC487A1E6B792200486535 /* AFNetworkingManager.swift in Sources */ = {isa = PBXBuildFile; fileRef = 72DC48791E6B792200486535 /* AFNetworkingManager.swift */; };
		72DC487C1E6BCA7700486535 /* DIspatchQueueExtension.swift in Sources */ = {isa = PBXBuildFile; fileRef = 72DC487B1E6BCA7700486535 /* DIspatchQueueExtension.swift */; };
		72DC487E1E6C502400486535 /* DataParseManager.swift in Sources */ = {isa = PBXBuildFile; fileRef = 72DC487D1E6C502400486535 /* DataParseManager.swift */; };
		72DC48801E6C9BCE00486535 /* Localizable.strings in Resources */ = {isa = PBXBuildFile; fileRef = 72DC487F1E6C9BCE00486535 /* Localizable.strings */; };
		72DC48841E6CC8BC00486535 /* RangeValuesFeet.plist in Resources */ = {isa = PBXBuildFile; fileRef = 72DC48831E6CC8BC00486535 /* RangeValuesFeet.plist */; };
		72DC48861E6CD0B500486535 /* RangeStep.swift in Sources */ = {isa = PBXBuildFile; fileRef = 72DC48851E6CD0B500486535 /* RangeStep.swift */; };
		72DC48891E6DA0F000486535 /* LocationSlider.swift in Sources */ = {isa = PBXBuildFile; fileRef = 72DC48881E6DA0F000486535 /* LocationSlider.swift */; };
		72DC488B1E6DA11000486535 /* LocationSlider.xib in Resources */ = {isa = PBXBuildFile; fileRef = 72DC488A1E6DA11000486535 /* LocationSlider.xib */; };
		72F24BA11E704FEC00CA7702 /* Util.swift in Sources */ = {isa = PBXBuildFile; fileRef = 72F24BA01E704FEC00CA7702 /* Util.swift */; };
		72F24BA31E706AD700CA7702 /* FeedLocation.swift in Sources */ = {isa = PBXBuildFile; fileRef = 72F24BA21E706AD700CA7702 /* FeedLocation.swift */; };
		72F24BA61E70BC7600CA7702 /* LeftMenuViewController.swift in Sources */ = {isa = PBXBuildFile; fileRef = 72F24BA51E70BC7600CA7702 /* LeftMenuViewController.swift */; };
		72F24BA81E70D7F800CA7702 /* MenuOptions.plist in Resources */ = {isa = PBXBuildFile; fileRef = 72F24BA71E70D7F800CA7702 /* MenuOptions.plist */; };
		72F24BAB1E70DB1500CA7702 /* FeedViewController.swift in Sources */ = {isa = PBXBuildFile; fileRef = 72F24BAA1E70DB1500CA7702 /* FeedViewController.swift */; };
		72F24BAE1E70E9C300CA7702 /* FlexibleFeedHeaderView.swift in Sources */ = {isa = PBXBuildFile; fileRef = 72F24BAD1E70E9C300CA7702 /* FlexibleFeedHeaderView.swift */; };
		72F24BB01E70E9DC00CA7702 /* FlexibleFeedHeaderView.xib in Resources */ = {isa = PBXBuildFile; fileRef = 72F24BAF1E70E9DC00CA7702 /* FlexibleFeedHeaderView.xib */; };
		72F24BB21E70ECDF00CA7702 /* FeedHeaderView.swift in Sources */ = {isa = PBXBuildFile; fileRef = 72F24BB11E70ECDF00CA7702 /* FeedHeaderView.swift */; };
		72F24BB61E70F2E400CA7702 /* HeaderIcon.swift in Sources */ = {isa = PBXBuildFile; fileRef = 72F24BB51E70F2E400CA7702 /* HeaderIcon.swift */; };
		72F24BB91E70F84300CA7702 /* HeaderIconButton.swift in Sources */ = {isa = PBXBuildFile; fileRef = 72F24BB81E70F84300CA7702 /* HeaderIconButton.swift */; };
		72F24BBB1E71A1B300CA7702 /* SortBy.swift in Sources */ = {isa = PBXBuildFile; fileRef = 72F24BBA1E71A1B300CA7702 /* SortBy.swift */; };
		72F24BC21E71AB1900CA7702 /* PostUserInfoView.xib in Resources */ = {isa = PBXBuildFile; fileRef = 72F24BC11E71AB1900CA7702 /* PostUserInfoView.xib */; };
		72F24BC41E71ABEB00CA7702 /* PostUserInfoView.swift in Sources */ = {isa = PBXBuildFile; fileRef = 72F24BC31E71ABEB00CA7702 /* PostUserInfoView.swift */; };
		72F24BC61E71AD3D00CA7702 /* UIImageViewExtension.swift in Sources */ = {isa = PBXBuildFile; fileRef = 72F24BC51E71AD3D00CA7702 /* UIImageViewExtension.swift */; };
		72F24BC81E71B93C00CA7702 /* PostFeedCellView.swift in Sources */ = {isa = PBXBuildFile; fileRef = 72F24BC71E71B93C00CA7702 /* PostFeedCellView.swift */; };
		72F24BCA1E71BAA700CA7702 /* LikePostButton.swift in Sources */ = {isa = PBXBuildFile; fileRef = 72F24BC91E71BAA700CA7702 /* LikePostButton.swift */; };
		72F24BCC1E71BAB300CA7702 /* CommentButton.swift in Sources */ = {isa = PBXBuildFile; fileRef = 72F24BCB1E71BAB300CA7702 /* CommentButton.swift */; };
		72F24BCF1E71BBFF00CA7702 /* UserPost.swift in Sources */ = {isa = PBXBuildFile; fileRef = 72F24BCE1E71BBFF00CA7702 /* UserPost.swift */; };
		72F24BD11E71BD1B00CA7702 /* BaseUser.swift in Sources */ = {isa = PBXBuildFile; fileRef = 72F24BD01E71BD1B00CA7702 /* BaseUser.swift */; };
		72F24BD41E71C2E600CA7702 /* PostFilterView.swift in Sources */ = {isa = PBXBuildFile; fileRef = 72F24BD31E71C2E600CA7702 /* PostFilterView.swift */; };
		72F24BD71E71D0F200CA7702 /* PostFeedCell.swift in Sources */ = {isa = PBXBuildFile; fileRef = 72F24BD51E71D0F200CA7702 /* PostFeedCell.swift */; };
		72F24BDA1E71E8FD00CA7702 /* UILabelExtension.swift in Sources */ = {isa = PBXBuildFile; fileRef = 72F24BD91E71E8FD00CA7702 /* UILabelExtension.swift */; };
		72F24BDD1E71F06A00CA7702 /* PostDetailViewController.swift in Sources */ = {isa = PBXBuildFile; fileRef = 72F24BDC1E71F06A00CA7702 /* PostDetailViewController.swift */; };
		72F24BDF1E720F7900CA7702 /* PostFeedCellView.xib in Resources */ = {isa = PBXBuildFile; fileRef = 72F24BDE1E720F7900CA7702 /* PostFeedCellView.xib */; };
		72F24BE11E7214FC00CA7702 /* PostCreateViewController.swift in Sources */ = {isa = PBXBuildFile; fileRef = 72F24BE01E7214FC00CA7702 /* PostCreateViewController.swift */; };
		72F24BE31E721B3700CA7702 /* ImageUploadView.xib in Resources */ = {isa = PBXBuildFile; fileRef = 72F24BE21E721B3700CA7702 /* ImageUploadView.xib */; };
		72F24BE61E721D9300CA7702 /* ImageUploadView.swift in Sources */ = {isa = PBXBuildFile; fileRef = 72F24BE51E721D9300CA7702 /* ImageUploadView.swift */; };
		72F24BE91E72282600CA7702 /* PostFromView.xib in Resources */ = {isa = PBXBuildFile; fileRef = 72F24BE81E72282600CA7702 /* PostFromView.xib */; };
		72F24BEB1E7228C100CA7702 /* PostFromView.swift in Sources */ = {isa = PBXBuildFile; fileRef = 72F24BEA1E7228C100CA7702 /* PostFromView.swift */; };
		72F24BED1E722BBC00CA7702 /* PostFromViewToggle.swift in Sources */ = {isa = PBXBuildFile; fileRef = 72F24BEC1E722BBC00CA7702 /* PostFromViewToggle.swift */; };
		72F24BEF1E722EC800CA7702 /* UIImageExtension.swift in Sources */ = {isa = PBXBuildFile; fileRef = 72F24BEE1E722EC800CA7702 /* UIImageExtension.swift */; };
		72F24BF11E72494B00CA7702 /* LocalityPhotoBaseViewController.swift in Sources */ = {isa = PBXBuildFile; fileRef = 72F24BF01E72494B00CA7702 /* LocalityPhotoBaseViewController.swift */; };
		72F24BF41E725B8200CA7702 /* CameraOverlay.xib in Resources */ = {isa = PBXBuildFile; fileRef = 72F24BF31E725B8200CA7702 /* CameraOverlay.xib */; };
		72F24BF61E725BCB00CA7702 /* CameraOverlay.swift in Sources */ = {isa = PBXBuildFile; fileRef = 72F24BF51E725BCB00CA7702 /* CameraOverlay.swift */; };
		72F24BF81E730C5A00CA7702 /* PhotoUploadManager.swift in Sources */ = {isa = PBXBuildFile; fileRef = 72F24BF71E730C5A00CA7702 /* PhotoUploadManager.swift */; };
		72F24BFB1E735BF700CA7702 /* GeoFireManager.swift in Sources */ = {isa = PBXBuildFile; fileRef = 72F24BFA1E735BF700CA7702 /* GeoFireManager.swift */; };
		72FE07FB1E747E2600F87A7F /* SlideMenuAttributes.swift in Sources */ = {isa = PBXBuildFile; fileRef = 72FE07FA1E747E2600F87A7F /* SlideMenuAttributes.swift */; };
		72FE07FE1E74919400F87A7F /* LeftMenuCell.swift in Sources */ = {isa = PBXBuildFile; fileRef = 72FE07FC1E74919400F87A7F /* LeftMenuCell.swift */; };
		72FE07FF1E74919400F87A7F /* LeftMenuCell.xib in Resources */ = {isa = PBXBuildFile; fileRef = 72FE07FD1E74919400F87A7F /* LeftMenuCell.xib */; };
		72FE08031E74D1CB00F87A7F /* OverlayContainer.swift in Sources */ = {isa = PBXBuildFile; fileRef = 72FE08021E74D1CB00F87A7F /* OverlayContainer.swift */; };
		72FE08051E74D72000F87A7F /* UIApplicationExtension.swift in Sources */ = {isa = PBXBuildFile; fileRef = 72FE08041E74D72000F87A7F /* UIApplicationExtension.swift */; };
		A4BE9DA43AD7D9F572693B60 /* Pods_locality_swift.framework in Frameworks */ = {isa = PBXBuildFile; fileRef = DB91C8D02C0D325EDFD2826E /* Pods_locality_swift.framework */; };
/* End PBXBuildFile section */

/* Begin PBXContainerItemProxy section */
		72B881B51E65EE5000EB3B2E /* PBXContainerItemProxy */ = {
			isa = PBXContainerItemProxy;
			containerPortal = 72B881951E65EE5000EB3B2E /* Project object */;
			proxyType = 1;
			remoteGlobalIDString = 72B8819C1E65EE5000EB3B2E;
			remoteInfo = "locality-swift";
		};
		72B881C01E65EE5000EB3B2E /* PBXContainerItemProxy */ = {
			isa = PBXContainerItemProxy;
			containerPortal = 72B881951E65EE5000EB3B2E /* Project object */;
			proxyType = 1;
			remoteGlobalIDString = 72B8819C1E65EE5000EB3B2E;
			remoteInfo = "locality-swift";
		};
/* End PBXContainerItemProxy section */

/* Begin PBXFileReference section */
		722ABA101E7459FB00A3F1DA /* CGFloatExtension.swift */ = {isa = PBXFileReference; fileEncoding = 4; lastKnownFileType = sourcecode.swift; name = CGFloatExtension.swift; path = extension/CGFloatExtension.swift; sourceTree = "<group>"; };
		722ABA331E74761100A3F1DA /* SlideNavigationContorllerAnimator.h */ = {isa = PBXFileReference; fileEncoding = 4; lastKnownFileType = sourcecode.c.h; name = SlideNavigationContorllerAnimator.h; path = "custom-ui/SlideNavigationController/Animations/SlideNavigationContorllerAnimator.h"; sourceTree = "<group>"; };
		722ABA341E74761100A3F1DA /* SlideNavigationContorllerAnimatorFade.h */ = {isa = PBXFileReference; fileEncoding = 4; lastKnownFileType = sourcecode.c.h; name = SlideNavigationContorllerAnimatorFade.h; path = "custom-ui/SlideNavigationController/Animations/SlideNavigationContorllerAnimatorFade.h"; sourceTree = "<group>"; };
		722ABA351E74761100A3F1DA /* SlideNavigationContorllerAnimatorFade.m */ = {isa = PBXFileReference; fileEncoding = 4; lastKnownFileType = sourcecode.c.objc; name = SlideNavigationContorllerAnimatorFade.m; path = "custom-ui/SlideNavigationController/Animations/SlideNavigationContorllerAnimatorFade.m"; sourceTree = "<group>"; };
		722ABA361E74761100A3F1DA /* SlideNavigationContorllerAnimatorScale.h */ = {isa = PBXFileReference; fileEncoding = 4; lastKnownFileType = sourcecode.c.h; name = SlideNavigationContorllerAnimatorScale.h; path = "custom-ui/SlideNavigationController/Animations/SlideNavigationContorllerAnimatorScale.h"; sourceTree = "<group>"; };
		722ABA371E74761100A3F1DA /* SlideNavigationContorllerAnimatorScale.m */ = {isa = PBXFileReference; fileEncoding = 4; lastKnownFileType = sourcecode.c.objc; name = SlideNavigationContorllerAnimatorScale.m; path = "custom-ui/SlideNavigationController/Animations/SlideNavigationContorllerAnimatorScale.m"; sourceTree = "<group>"; };
		722ABA381E74761100A3F1DA /* SlideNavigationContorllerAnimatorScaleAndFade.h */ = {isa = PBXFileReference; fileEncoding = 4; lastKnownFileType = sourcecode.c.h; name = SlideNavigationContorllerAnimatorScaleAndFade.h; path = "custom-ui/SlideNavigationController/Animations/SlideNavigationContorllerAnimatorScaleAndFade.h"; sourceTree = "<group>"; };
		722ABA391E74761100A3F1DA /* SlideNavigationContorllerAnimatorScaleAndFade.m */ = {isa = PBXFileReference; fileEncoding = 4; lastKnownFileType = sourcecode.c.objc; name = SlideNavigationContorllerAnimatorScaleAndFade.m; path = "custom-ui/SlideNavigationController/Animations/SlideNavigationContorllerAnimatorScaleAndFade.m"; sourceTree = "<group>"; };
		722ABA3A1E74761100A3F1DA /* SlideNavigationContorllerAnimatorSlide.h */ = {isa = PBXFileReference; fileEncoding = 4; lastKnownFileType = sourcecode.c.h; name = SlideNavigationContorllerAnimatorSlide.h; path = "custom-ui/SlideNavigationController/Animations/SlideNavigationContorllerAnimatorSlide.h"; sourceTree = "<group>"; };
		722ABA3B1E74761100A3F1DA /* SlideNavigationContorllerAnimatorSlide.m */ = {isa = PBXFileReference; fileEncoding = 4; lastKnownFileType = sourcecode.c.objc; name = SlideNavigationContorllerAnimatorSlide.m; path = "custom-ui/SlideNavigationController/Animations/SlideNavigationContorllerAnimatorSlide.m"; sourceTree = "<group>"; };
		722ABA3C1E74761100A3F1DA /* SlideNavigationContorllerAnimatorSlideAndFade.h */ = {isa = PBXFileReference; fileEncoding = 4; lastKnownFileType = sourcecode.c.h; name = SlideNavigationContorllerAnimatorSlideAndFade.h; path = "custom-ui/SlideNavigationController/Animations/SlideNavigationContorllerAnimatorSlideAndFade.h"; sourceTree = "<group>"; };
		722ABA3D1E74761100A3F1DA /* SlideNavigationContorllerAnimatorSlideAndFade.m */ = {isa = PBXFileReference; fileEncoding = 4; lastKnownFileType = sourcecode.c.objc; name = SlideNavigationContorllerAnimatorSlideAndFade.m; path = "custom-ui/SlideNavigationController/Animations/SlideNavigationContorllerAnimatorSlideAndFade.m"; sourceTree = "<group>"; };
		722ABA3E1E74761100A3F1DA /* SlideNavigationController.h */ = {isa = PBXFileReference; fileEncoding = 4; lastKnownFileType = sourcecode.c.h; name = SlideNavigationController.h; path = "custom-ui/SlideNavigationController/SlideNavigationController.h"; sourceTree = "<group>"; };
		722ABA3F1E74761100A3F1DA /* SlideNavigationController.m */ = {isa = PBXFileReference; fileEncoding = 4; lastKnownFileType = sourcecode.c.objc; name = SlideNavigationController.m; path = "custom-ui/SlideNavigationController/SlideNavigationController.m"; sourceTree = "<group>"; };
		72B8819D1E65EE5000EB3B2E /* locality-swift.app */ = {isa = PBXFileReference; explicitFileType = wrapper.application; includeInIndex = 0; path = "locality-swift.app"; sourceTree = BUILT_PRODUCTS_DIR; };
		72B881A01E65EE5000EB3B2E /* AppDelegate.swift */ = {isa = PBXFileReference; lastKnownFileType = sourcecode.swift; path = AppDelegate.swift; sourceTree = "<group>"; };
		72B881A51E65EE5000EB3B2E /* Base */ = {isa = PBXFileReference; lastKnownFileType = file.storyboard; name = Base; path = Base.lproj/Main.storyboard; sourceTree = "<group>"; };
		72B881A81E65EE5000EB3B2E /* locality_swift.xcdatamodel */ = {isa = PBXFileReference; lastKnownFileType = wrapper.xcdatamodel; path = locality_swift.xcdatamodel; sourceTree = "<group>"; };
		72B881AA1E65EE5000EB3B2E /* Assets.xcassets */ = {isa = PBXFileReference; lastKnownFileType = folder.assetcatalog; path = Assets.xcassets; sourceTree = "<group>"; };
		72B881AD1E65EE5000EB3B2E /* Base */ = {isa = PBXFileReference; lastKnownFileType = file.storyboard; name = Base; path = Base.lproj/LaunchScreen.storyboard; sourceTree = "<group>"; };
		72B881AF1E65EE5000EB3B2E /* Info.plist */ = {isa = PBXFileReference; lastKnownFileType = text.plist.xml; path = Info.plist; sourceTree = "<group>"; };
		72B881B41E65EE5000EB3B2E /* locality-swiftTests.xctest */ = {isa = PBXFileReference; explicitFileType = wrapper.cfbundle; includeInIndex = 0; path = "locality-swiftTests.xctest"; sourceTree = BUILT_PRODUCTS_DIR; };
		72B881B81E65EE5000EB3B2E /* locality_swiftTests.swift */ = {isa = PBXFileReference; lastKnownFileType = sourcecode.swift; path = locality_swiftTests.swift; sourceTree = "<group>"; };
		72B881BA1E65EE5000EB3B2E /* Info.plist */ = {isa = PBXFileReference; lastKnownFileType = text.plist.xml; path = Info.plist; sourceTree = "<group>"; };
		72B881BF1E65EE5000EB3B2E /* locality-swiftUITests.xctest */ = {isa = PBXFileReference; explicitFileType = wrapper.cfbundle; includeInIndex = 0; path = "locality-swiftUITests.xctest"; sourceTree = BUILT_PRODUCTS_DIR; };
		72B881C31E65EE5000EB3B2E /* locality_swiftUITests.swift */ = {isa = PBXFileReference; lastKnownFileType = sourcecode.swift; path = locality_swiftUITests.swift; sourceTree = "<group>"; };
		72B881C51E65EE5000EB3B2E /* Info.plist */ = {isa = PBXFileReference; lastKnownFileType = text.plist.xml; path = Info.plist; sourceTree = "<group>"; };
		72B881D21E65F5E200EB3B2E /* FabricManager.swift */ = {isa = PBXFileReference; fileEncoding = 4; lastKnownFileType = sourcecode.swift; name = FabricManager.swift; path = manager/FabricManager.swift; sourceTree = "<group>"; };
		72B881D81E665F3A00EB3B2E /* Config.swift */ = {isa = PBXFileReference; fileEncoding = 4; lastKnownFileType = sourcecode.swift; name = Config.swift; path = config/Config.swift; sourceTree = "<group>"; };
		72B881DE1E66A9B600EB3B2E /* Locality-Bridging-Header.h */ = {isa = PBXFileReference; lastKnownFileType = sourcecode.c.h; path = "Locality-Bridging-Header.h"; sourceTree = "<group>"; };
		72B881DF1E66AFEF00EB3B2E /* GoogleService-Info.plist */ = {isa = PBXFileReference; fileEncoding = 4; lastKnownFileType = text.plist.xml; path = "GoogleService-Info.plist"; sourceTree = "<group>"; };
		72B881E11E66B02F00EB3B2E /* FirebaseManager.swift */ = {isa = PBXFileReference; fileEncoding = 4; lastKnownFileType = sourcecode.swift; name = FirebaseManager.swift; path = manager/FirebaseManager.swift; sourceTree = "<group>"; };
		72B881E51E66B65700EB3B2E /* FacebookManager.swift */ = {isa = PBXFileReference; fileEncoding = 4; lastKnownFileType = sourcecode.swift; name = FacebookManager.swift; path = manager/FacebookManager.swift; sourceTree = "<group>"; };
		72B881EB1E676D8A00EB3B2E /* LandingViewController.swift */ = {isa = PBXFileReference; fileEncoding = 4; lastKnownFileType = sourcecode.swift; name = LandingViewController.swift; path = "view-controller/LandingViewController.swift"; sourceTree = "<group>"; };
		72B881EE1E67797100EB3B2E /* RoundedRectangleButton.swift */ = {isa = PBXFileReference; fileEncoding = 4; lastKnownFileType = sourcecode.swift; name = RoundedRectangleButton.swift; path = "custom-ui/RoundedRectangleButton.swift"; sourceTree = "<group>"; };
		72B881F31E678D2900EB3B2E /* AngledButtonPairView.swift */ = {isa = PBXFileReference; fileEncoding = 4; lastKnownFileType = sourcecode.swift; name = AngledButtonPairView.swift; path = "custom-ui/AngledButtonPairView.swift"; sourceTree = "<group>"; };
		72B881F61E67919400EB3B2E /* AngledButtonAttributes.swift */ = {isa = PBXFileReference; fileEncoding = 4; lastKnownFileType = sourcecode.swift; name = AngledButtonAttributes.swift; path = model/AngledButtonAttributes.swift; sourceTree = "<group>"; };
		72B881F81E67961E00EB3B2E /* AngledPairButton.swift */ = {isa = PBXFileReference; fileEncoding = 4; lastKnownFileType = sourcecode.swift; name = AngledPairButton.swift; path = "custom-ui/AngledPairButton.swift"; sourceTree = "<group>"; };
		72B881FD1E67DFB100EB3B2E /* LocalityBaseViewController.swift */ = {isa = PBXFileReference; fileEncoding = 4; lastKnownFileType = sourcecode.swift; name = LocalityBaseViewController.swift; path = "view-controller/LocalityBaseViewController.swift"; sourceTree = "<group>"; };
		72B882001E67E79700EB3B2E /* LoginViewController.swift */ = {isa = PBXFileReference; fileEncoding = 4; lastKnownFileType = sourcecode.swift; name = LoginViewController.swift; path = "view-controller/LoginViewController.swift"; sourceTree = "<group>"; };
		72B882031E67E81900EB3B2E /* BundleExtension.swift */ = {isa = PBXFileReference; fileEncoding = 4; lastKnownFileType = sourcecode.swift; name = BundleExtension.swift; path = extension/BundleExtension.swift; sourceTree = "<group>"; };
		72B882041E67E81900EB3B2E /* UIViewExtension.swift */ = {isa = PBXFileReference; fileEncoding = 4; lastKnownFileType = sourcecode.swift; name = UIViewExtension.swift; path = extension/UIViewExtension.swift; sourceTree = "<group>"; };
		72B882071E688AB300EB3B2E /* CurrentUser.swift */ = {isa = PBXFileReference; fileEncoding = 4; lastKnownFileType = sourcecode.swift; name = CurrentUser.swift; path = model/CurrentUser.swift; sourceTree = "<group>"; };
		72B882091E6894BE00EB3B2E /* UserStatus.swift */ = {isa = PBXFileReference; fileEncoding = 4; lastKnownFileType = sourcecode.swift; name = UserStatus.swift; path = model/UserStatus.swift; sourceTree = "<group>"; };
		72B8820B1E68B8D100EB3B2E /* JoinViewController.swift */ = {isa = PBXFileReference; fileEncoding = 4; lastKnownFileType = sourcecode.swift; name = JoinViewController.swift; path = "view-controller/JoinViewController.swift"; sourceTree = "<group>"; };
		72B8820D1E68D10700EB3B2E /* Interstate-LightCondensed.ttf */ = {isa = PBXFileReference; lastKnownFileType = file; name = "Interstate-LightCondensed.ttf"; path = "fonts/Interstate-LightCondensed.ttf"; sourceTree = "<group>"; };
		72B8820F1E68EAE200EB3B2E /* StringExtension.swift */ = {isa = PBXFileReference; fileEncoding = 4; lastKnownFileType = sourcecode.swift; name = StringExtension.swift; path = extension/StringExtension.swift; sourceTree = "<group>"; };
		72B882111E68F19D00EB3B2E /* UIViewControllerExtension.swift */ = {isa = PBXFileReference; fileEncoding = 4; lastKnownFileType = sourcecode.swift; name = UIViewControllerExtension.swift; path = extension/UIViewControllerExtension.swift; sourceTree = "<group>"; };
		72B882131E693C0500EB3B2E /* JoinValidateViewController.swift */ = {isa = PBXFileReference; fileEncoding = 4; lastKnownFileType = sourcecode.swift; name = JoinValidateViewController.swift; path = "view-controller/JoinValidateViewController.swift"; sourceTree = "<group>"; };
		72B882151E69434000EB3B2E /* JoinUsernameViewController.swift */ = {isa = PBXFileReference; fileEncoding = 4; lastKnownFileType = sourcecode.swift; name = JoinUsernameViewController.swift; path = "view-controller/JoinUsernameViewController.swift"; sourceTree = "<group>"; };
		72B882181E6A8BE800EB3B2E /* CurrentFeedInitializeViewController.swift */ = {isa = PBXFileReference; fileEncoding = 4; lastKnownFileType = sourcecode.swift; name = CurrentFeedInitializeViewController.swift; path = "view-controller/CurrentFeedInitializeViewController.swift"; sourceTree = "<group>"; };
		72B8821B1E6AA4C200EB3B2E /* MapboxManager.swift */ = {isa = PBXFileReference; fileEncoding = 4; lastKnownFileType = sourcecode.swift; name = MapboxManager.swift; path = manager/MapboxManager.swift; sourceTree = "<group>"; };
		72B8821D1E6AA54800EB3B2E /* Keys.plist */ = {isa = PBXFileReference; fileEncoding = 4; lastKnownFileType = text.plist.xml; path = Keys.plist; sourceTree = "<group>"; };
		72DC48771E6B4A7D00486535 /* CustomPointAnnotation.swift */ = {isa = PBXFileReference; fileEncoding = 4; lastKnownFileType = sourcecode.swift; name = CustomPointAnnotation.swift; path = "custom-ui/CustomPointAnnotation.swift"; sourceTree = "<group>"; };
		72DC48791E6B792200486535 /* AFNetworkingManager.swift */ = {isa = PBXFileReference; fileEncoding = 4; lastKnownFileType = sourcecode.swift; name = AFNetworkingManager.swift; path = manager/AFNetworkingManager.swift; sourceTree = "<group>"; };
		72DC487B1E6BCA7700486535 /* DIspatchQueueExtension.swift */ = {isa = PBXFileReference; fileEncoding = 4; lastKnownFileType = sourcecode.swift; name = DIspatchQueueExtension.swift; path = extension/DIspatchQueueExtension.swift; sourceTree = "<group>"; };
		72DC487D1E6C502400486535 /* DataParseManager.swift */ = {isa = PBXFileReference; fileEncoding = 4; lastKnownFileType = sourcecode.swift; name = DataParseManager.swift; path = manager/DataParseManager.swift; sourceTree = "<group>"; };
		72DC487F1E6C9BCE00486535 /* Localizable.strings */ = {isa = PBXFileReference; fileEncoding = 4; lastKnownFileType = text.plist.strings; path = Localizable.strings; sourceTree = "<group>"; };
		72DC48831E6CC8BC00486535 /* RangeValuesFeet.plist */ = {isa = PBXFileReference; fileEncoding = 4; lastKnownFileType = text.plist.xml; path = RangeValuesFeet.plist; sourceTree = "<group>"; };
		72DC48851E6CD0B500486535 /* RangeStep.swift */ = {isa = PBXFileReference; fileEncoding = 4; lastKnownFileType = sourcecode.swift; name = RangeStep.swift; path = model/RangeStep.swift; sourceTree = "<group>"; };
		72DC48881E6DA0F000486535 /* LocationSlider.swift */ = {isa = PBXFileReference; fileEncoding = 4; lastKnownFileType = sourcecode.swift; name = LocationSlider.swift; path = "custom-ui/LocationSlider.swift"; sourceTree = "<group>"; };
		72DC488A1E6DA11000486535 /* LocationSlider.xib */ = {isa = PBXFileReference; fileEncoding = 4; lastKnownFileType = file.xib; name = LocationSlider.xib; path = "custom-ui/LocationSlider.xib"; sourceTree = "<group>"; };
		72F24BA01E704FEC00CA7702 /* Util.swift */ = {isa = PBXFileReference; fileEncoding = 4; lastKnownFileType = sourcecode.swift; name = Util.swift; path = utility/Util.swift; sourceTree = "<group>"; };
		72F24BA21E706AD700CA7702 /* FeedLocation.swift */ = {isa = PBXFileReference; fileEncoding = 4; lastKnownFileType = sourcecode.swift; name = FeedLocation.swift; path = model/FeedLocation.swift; sourceTree = "<group>"; };
		72F24BA51E70BC7600CA7702 /* LeftMenuViewController.swift */ = {isa = PBXFileReference; fileEncoding = 4; lastKnownFileType = sourcecode.swift; name = LeftMenuViewController.swift; path = "view-controller/LeftMenuViewController.swift"; sourceTree = "<group>"; };
		72F24BA71E70D7F800CA7702 /* MenuOptions.plist */ = {isa = PBXFileReference; fileEncoding = 4; lastKnownFileType = text.plist.xml; path = MenuOptions.plist; sourceTree = "<group>"; };
		72F24BAA1E70DB1500CA7702 /* FeedViewController.swift */ = {isa = PBXFileReference; fileEncoding = 4; lastKnownFileType = sourcecode.swift; name = FeedViewController.swift; path = "view-controller/FeedViewController.swift"; sourceTree = "<group>"; };
		72F24BAD1E70E9C300CA7702 /* FlexibleFeedHeaderView.swift */ = {isa = PBXFileReference; fileEncoding = 4; lastKnownFileType = sourcecode.swift; name = FlexibleFeedHeaderView.swift; path = "custom-ui/FlexibleFeedHeaderView.swift"; sourceTree = "<group>"; };
		72F24BAF1E70E9DC00CA7702 /* FlexibleFeedHeaderView.xib */ = {isa = PBXFileReference; fileEncoding = 4; lastKnownFileType = file.xib; name = FlexibleFeedHeaderView.xib; path = "custom-ui/FlexibleFeedHeaderView.xib"; sourceTree = "<group>"; };
		72F24BB11E70ECDF00CA7702 /* FeedHeaderView.swift */ = {isa = PBXFileReference; fileEncoding = 4; lastKnownFileType = sourcecode.swift; name = FeedHeaderView.swift; path = "custom-ui/FeedHeaderView.swift"; sourceTree = "<group>"; };
		72F24BB51E70F2E400CA7702 /* HeaderIcon.swift */ = {isa = PBXFileReference; fileEncoding = 4; lastKnownFileType = sourcecode.swift; name = HeaderIcon.swift; path = model/HeaderIcon.swift; sourceTree = "<group>"; };
		72F24BB81E70F84300CA7702 /* HeaderIconButton.swift */ = {isa = PBXFileReference; fileEncoding = 4; lastKnownFileType = sourcecode.swift; name = HeaderIconButton.swift; path = "custom-ui/HeaderIconButton.swift"; sourceTree = "<group>"; };
		72F24BBA1E71A1B300CA7702 /* SortBy.swift */ = {isa = PBXFileReference; fileEncoding = 4; lastKnownFileType = sourcecode.swift; name = SortBy.swift; path = model/SortBy.swift; sourceTree = "<group>"; };
		72F24BC11E71AB1900CA7702 /* PostUserInfoView.xib */ = {isa = PBXFileReference; fileEncoding = 4; lastKnownFileType = file.xib; name = PostUserInfoView.xib; path = "custom-ui/PostUserInfoView.xib"; sourceTree = "<group>"; };
		72F24BC31E71ABEB00CA7702 /* PostUserInfoView.swift */ = {isa = PBXFileReference; fileEncoding = 4; lastKnownFileType = sourcecode.swift; name = PostUserInfoView.swift; path = "custom-ui/PostUserInfoView.swift"; sourceTree = "<group>"; };
		72F24BC51E71AD3D00CA7702 /* UIImageViewExtension.swift */ = {isa = PBXFileReference; fileEncoding = 4; lastKnownFileType = sourcecode.swift; name = UIImageViewExtension.swift; path = extension/UIImageViewExtension.swift; sourceTree = "<group>"; };
		72F24BC71E71B93C00CA7702 /* PostFeedCellView.swift */ = {isa = PBXFileReference; fileEncoding = 4; lastKnownFileType = sourcecode.swift; name = PostFeedCellView.swift; path = "custom-ui/PostFeedCellView.swift"; sourceTree = "<group>"; };
		72F24BC91E71BAA700CA7702 /* LikePostButton.swift */ = {isa = PBXFileReference; fileEncoding = 4; lastKnownFileType = sourcecode.swift; name = LikePostButton.swift; path = "custom-ui/LikePostButton.swift"; sourceTree = "<group>"; };
		72F24BCB1E71BAB300CA7702 /* CommentButton.swift */ = {isa = PBXFileReference; fileEncoding = 4; lastKnownFileType = sourcecode.swift; name = CommentButton.swift; path = "custom-ui/CommentButton.swift"; sourceTree = "<group>"; };
		72F24BCE1E71BBFF00CA7702 /* UserPost.swift */ = {isa = PBXFileReference; fileEncoding = 4; lastKnownFileType = sourcecode.swift; name = UserPost.swift; path = model/UserPost.swift; sourceTree = "<group>"; };
		72F24BD01E71BD1B00CA7702 /* BaseUser.swift */ = {isa = PBXFileReference; fileEncoding = 4; lastKnownFileType = sourcecode.swift; name = BaseUser.swift; path = model/BaseUser.swift; sourceTree = "<group>"; };
		72F24BD31E71C2E600CA7702 /* PostFilterView.swift */ = {isa = PBXFileReference; fileEncoding = 4; lastKnownFileType = sourcecode.swift; name = PostFilterView.swift; path = "custom-ui/PostFilterView.swift"; sourceTree = "<group>"; };
		72F24BD51E71D0F200CA7702 /* PostFeedCell.swift */ = {isa = PBXFileReference; fileEncoding = 4; lastKnownFileType = sourcecode.swift; name = PostFeedCell.swift; path = "custom-ui/PostFeedCell.swift"; sourceTree = "<group>"; };
		72F24BD91E71E8FD00CA7702 /* UILabelExtension.swift */ = {isa = PBXFileReference; fileEncoding = 4; lastKnownFileType = sourcecode.swift; name = UILabelExtension.swift; path = extension/UILabelExtension.swift; sourceTree = "<group>"; };
		72F24BDC1E71F06A00CA7702 /* PostDetailViewController.swift */ = {isa = PBXFileReference; fileEncoding = 4; lastKnownFileType = sourcecode.swift; name = PostDetailViewController.swift; path = "view-controller/PostDetailViewController.swift"; sourceTree = "<group>"; };
		72F24BDE1E720F7900CA7702 /* PostFeedCellView.xib */ = {isa = PBXFileReference; fileEncoding = 4; lastKnownFileType = file.xib; name = PostFeedCellView.xib; path = "custom-ui/PostFeedCellView.xib"; sourceTree = "<group>"; };
		72F24BE01E7214FC00CA7702 /* PostCreateViewController.swift */ = {isa = PBXFileReference; fileEncoding = 4; lastKnownFileType = sourcecode.swift; name = PostCreateViewController.swift; path = "view-controller/PostCreateViewController.swift"; sourceTree = "<group>"; };
		72F24BE21E721B3700CA7702 /* ImageUploadView.xib */ = {isa = PBXFileReference; fileEncoding = 4; lastKnownFileType = file.xib; name = ImageUploadView.xib; path = "custom-ui/ImageUploadView.xib"; sourceTree = "<group>"; };
		72F24BE51E721D9300CA7702 /* ImageUploadView.swift */ = {isa = PBXFileReference; fileEncoding = 4; lastKnownFileType = sourcecode.swift; name = ImageUploadView.swift; path = "custom-ui/ImageUploadView.swift"; sourceTree = "<group>"; };
		72F24BE81E72282600CA7702 /* PostFromView.xib */ = {isa = PBXFileReference; fileEncoding = 4; lastKnownFileType = file.xib; name = PostFromView.xib; path = "custom-ui/PostFromView.xib"; sourceTree = "<group>"; };
		72F24BEA1E7228C100CA7702 /* PostFromView.swift */ = {isa = PBXFileReference; fileEncoding = 4; lastKnownFileType = sourcecode.swift; name = PostFromView.swift; path = "custom-ui/PostFromView.swift"; sourceTree = "<group>"; };
		72F24BEC1E722BBC00CA7702 /* PostFromViewToggle.swift */ = {isa = PBXFileReference; fileEncoding = 4; lastKnownFileType = sourcecode.swift; name = PostFromViewToggle.swift; path = "custom-ui/PostFromViewToggle.swift"; sourceTree = "<group>"; };
		72F24BEE1E722EC800CA7702 /* UIImageExtension.swift */ = {isa = PBXFileReference; fileEncoding = 4; lastKnownFileType = sourcecode.swift; name = UIImageExtension.swift; path = extension/UIImageExtension.swift; sourceTree = "<group>"; };
		72F24BF01E72494B00CA7702 /* LocalityPhotoBaseViewController.swift */ = {isa = PBXFileReference; fileEncoding = 4; lastKnownFileType = sourcecode.swift; name = LocalityPhotoBaseViewController.swift; path = "view-controller/LocalityPhotoBaseViewController.swift"; sourceTree = "<group>"; };
		72F24BF31E725B8200CA7702 /* CameraOverlay.xib */ = {isa = PBXFileReference; fileEncoding = 4; lastKnownFileType = file.xib; name = CameraOverlay.xib; path = "custom-ui/CameraOverlay.xib"; sourceTree = "<group>"; };
		72F24BF51E725BCB00CA7702 /* CameraOverlay.swift */ = {isa = PBXFileReference; fileEncoding = 4; lastKnownFileType = sourcecode.swift; name = CameraOverlay.swift; path = "custom-ui/CameraOverlay.swift"; sourceTree = "<group>"; };
		72F24BF71E730C5A00CA7702 /* PhotoUploadManager.swift */ = {isa = PBXFileReference; fileEncoding = 4; lastKnownFileType = sourcecode.swift; name = PhotoUploadManager.swift; path = manager/PhotoUploadManager.swift; sourceTree = "<group>"; };
		72F24BFA1E735BF700CA7702 /* GeoFireManager.swift */ = {isa = PBXFileReference; fileEncoding = 4; lastKnownFileType = sourcecode.swift; name = GeoFireManager.swift; path = manager/GeoFireManager.swift; sourceTree = "<group>"; };
		72FE07FA1E747E2600F87A7F /* SlideMenuAttributes.swift */ = {isa = PBXFileReference; fileEncoding = 4; lastKnownFileType = sourcecode.swift; name = SlideMenuAttributes.swift; path = model/SlideMenuAttributes.swift; sourceTree = "<group>"; };
		72FE07FC1E74919400F87A7F /* LeftMenuCell.swift */ = {isa = PBXFileReference; fileEncoding = 4; lastKnownFileType = sourcecode.swift; name = LeftMenuCell.swift; path = "custom-ui/LeftMenuCell.swift"; sourceTree = "<group>"; };
		72FE07FD1E74919400F87A7F /* LeftMenuCell.xib */ = {isa = PBXFileReference; fileEncoding = 4; lastKnownFileType = file.xib; name = LeftMenuCell.xib; path = "custom-ui/LeftMenuCell.xib"; sourceTree = "<group>"; };
		72FE08021E74D1CB00F87A7F /* OverlayContainer.swift */ = {isa = PBXFileReference; fileEncoding = 4; lastKnownFileType = sourcecode.swift; name = OverlayContainer.swift; path = "custom-ui/OverlayContainer.swift"; sourceTree = "<group>"; };
		72FE08041E74D72000F87A7F /* UIApplicationExtension.swift */ = {isa = PBXFileReference; fileEncoding = 4; lastKnownFileType = sourcecode.swift; name = UIApplicationExtension.swift; path = extension/UIApplicationExtension.swift; sourceTree = "<group>"; };
		84886BD7BF3AE7DEF44AC1B8 /* Pods-locality-swift.release.xcconfig */ = {isa = PBXFileReference; includeInIndex = 1; lastKnownFileType = text.xcconfig; name = "Pods-locality-swift.release.xcconfig"; path = "Pods/Target Support Files/Pods-locality-swift/Pods-locality-swift.release.xcconfig"; sourceTree = "<group>"; };
		B0C073B846F1D9C61B783347 /* Pods-locality-swift.debug.xcconfig */ = {isa = PBXFileReference; includeInIndex = 1; lastKnownFileType = text.xcconfig; name = "Pods-locality-swift.debug.xcconfig"; path = "Pods/Target Support Files/Pods-locality-swift/Pods-locality-swift.debug.xcconfig"; sourceTree = "<group>"; };
		DB91C8D02C0D325EDFD2826E /* Pods_locality_swift.framework */ = {isa = PBXFileReference; explicitFileType = wrapper.framework; includeInIndex = 0; path = Pods_locality_swift.framework; sourceTree = BUILT_PRODUCTS_DIR; };
/* End PBXFileReference section */

/* Begin PBXFrameworksBuildPhase section */
		72B8819A1E65EE5000EB3B2E /* Frameworks */ = {
			isa = PBXFrameworksBuildPhase;
			buildActionMask = 2147483647;
			files = (
				A4BE9DA43AD7D9F572693B60 /* Pods_locality_swift.framework in Frameworks */,
			);
			runOnlyForDeploymentPostprocessing = 0;
		};
		72B881B11E65EE5000EB3B2E /* Frameworks */ = {
			isa = PBXFrameworksBuildPhase;
			buildActionMask = 2147483647;
			files = (
			);
			runOnlyForDeploymentPostprocessing = 0;
		};
		72B881BC1E65EE5000EB3B2E /* Frameworks */ = {
			isa = PBXFrameworksBuildPhase;
			buildActionMask = 2147483647;
			files = (
			);
			runOnlyForDeploymentPostprocessing = 0;
		};
/* End PBXFrameworksBuildPhase section */

/* Begin PBXGroup section */
		722ABA121E746C3400A3F1DA /* slide-navigation-controller */ = {
			isa = PBXGroup;
			children = (
				72FE07F91E747DC300F87A7F /* animations */,
				722ABA3E1E74761100A3F1DA /* SlideNavigationController.h */,
				722ABA3F1E74761100A3F1DA /* SlideNavigationController.m */,
			);
			name = "slide-navigation-controller";
			sourceTree = "<group>";
		};
		72B881941E65EE5000EB3B2E = {
			isa = PBXGroup;
			children = (
				72B8819F1E65EE5000EB3B2E /* locality-swift */,
				72B881B71E65EE5000EB3B2E /* locality-swiftTests */,
				72B881C21E65EE5000EB3B2E /* locality-swiftUITests */,
				72B8819E1E65EE5000EB3B2E /* Products */,
				A140867697BC340ACB5B7282 /* Pods */,
				D1625ADB007E5B9687ABCB34 /* Frameworks */,
			);
			sourceTree = "<group>";
		};
		72B8819E1E65EE5000EB3B2E /* Products */ = {
			isa = PBXGroup;
			children = (
				72B8819D1E65EE5000EB3B2E /* locality-swift.app */,
				72B881B41E65EE5000EB3B2E /* locality-swiftTests.xctest */,
				72B881BF1E65EE5000EB3B2E /* locality-swiftUITests.xctest */,
			);
			name = Products;
			sourceTree = "<group>";
		};
		72B8819F1E65EE5000EB3B2E /* locality-swift */ = {
			isa = PBXGroup;
			children = (
				72B881A01E65EE5000EB3B2E /* AppDelegate.swift */,
				72B881A41E65EE5000EB3B2E /* Main.storyboard */,
				72B881AA1E65EE5000EB3B2E /* Assets.xcassets */,
				72B881AC1E65EE5000EB3B2E /* LaunchScreen.storyboard */,
				72DC487F1E6C9BCE00486535 /* Localizable.strings */,
				72B881E41E66B0C400EB3B2E /* bridging-header */,
				72B881D71E665F1C00EB3B2E /* config */,
				72B881ED1E67788B00EB3B2E /* custom-ui */,
				72B881D61E65F60300EB3B2E /* core-data */,
				72B882021E67E80500EB3B2E /* extension */,
				72B881F01E677E0100EB3B2E /* fonts */,
				72B881D41E65F5F000EB3B2E /* manager */,
				72B881F51E67916700EB3B2E /* model */,
				72B881D51E65F5FC00EB3B2E /* plist */,
				72B881FA1E67B59000EB3B2E /* utility */,
				72B881E31E66B0A800EB3B2E /* view-controller */,
			);
			path = "locality-swift";
			sourceTree = "<group>";
		};
		72B881B71E65EE5000EB3B2E /* locality-swiftTests */ = {
			isa = PBXGroup;
			children = (
				72B881B81E65EE5000EB3B2E /* locality_swiftTests.swift */,
				72B881BA1E65EE5000EB3B2E /* Info.plist */,
			);
			path = "locality-swiftTests";
			sourceTree = "<group>";
		};
		72B881C21E65EE5000EB3B2E /* locality-swiftUITests */ = {
			isa = PBXGroup;
			children = (
				72B881C31E65EE5000EB3B2E /* locality_swiftUITests.swift */,
				72B881C51E65EE5000EB3B2E /* Info.plist */,
			);
			path = "locality-swiftUITests";
			sourceTree = "<group>";
		};
		72B881D41E65F5F000EB3B2E /* manager */ = {
			isa = PBXGroup;
			children = (
				72DC48791E6B792200486535 /* AFNetworkingManager.swift */,
				72DC487D1E6C502400486535 /* DataParseManager.swift */,
				72B881D21E65F5E200EB3B2E /* FabricManager.swift */,
				72B881E51E66B65700EB3B2E /* FacebookManager.swift */,
				72B881E11E66B02F00EB3B2E /* FirebaseManager.swift */,
				72F24BFA1E735BF700CA7702 /* GeoFireManager.swift */,
				72B8821B1E6AA4C200EB3B2E /* MapboxManager.swift */,
				72F24BF71E730C5A00CA7702 /* PhotoUploadManager.swift */,
			);
			name = manager;
			sourceTree = "<group>";
		};
		72B881D51E65F5FC00EB3B2E /* plist */ = {
			isa = PBXGroup;
			children = (
				72B881DF1E66AFEF00EB3B2E /* GoogleService-Info.plist */,
				72B881AF1E65EE5000EB3B2E /* Info.plist */,
				72B8821D1E6AA54800EB3B2E /* Keys.plist */,
				72F24BA71E70D7F800CA7702 /* MenuOptions.plist */,
				72DC48831E6CC8BC00486535 /* RangeValuesFeet.plist */,
			);
			name = plist;
			sourceTree = "<group>";
		};
		72B881D61E65F60300EB3B2E /* core-data */ = {
			isa = PBXGroup;
			children = (
				72B881A71E65EE5000EB3B2E /* locality_swift.xcdatamodeld */,
			);
			name = "core-data";
			sourceTree = "<group>";
		};
		72B881D71E665F1C00EB3B2E /* config */ = {
			isa = PBXGroup;
			children = (
				72B881D81E665F3A00EB3B2E /* Config.swift */,
			);
			name = config;
			sourceTree = "<group>";
		};
		72B881E31E66B0A800EB3B2E /* view-controller */ = {
			isa = PBXGroup;
			children = (
				72B881FF1E67E44700EB3B2E /* base */,
				72F24BA91E70DADF00CA7702 /* feed */,
				72B882171E6A8BB700EB3B2E /* join-login */,
				72F24BA41E70BC4700CA7702 /* left-menu */,
				72F24BDB1E71F04300CA7702 /* post */,
			);
			name = "view-controller";
			sourceTree = "<group>";
		};
		72B881E41E66B0C400EB3B2E /* bridging-header */ = {
			isa = PBXGroup;
			children = (
				72B881DE1E66A9B600EB3B2E /* Locality-Bridging-Header.h */,
			);
			name = "bridging-header";
			sourceTree = "<group>";
		};
		72B881ED1E67788B00EB3B2E /* custom-ui */ = {
			isa = PBXGroup;
			children = (
				72F24BB71E70F80200CA7702 /* buttons */,
				72F24BF21E725B6700CA7702 /* camera-overlay */,
				72F24BAC1E70E99900CA7702 /* feed-header */,
				72F24BE41E721B4D00CA7702 /* image-upload */,
				72DC48871E6D9C0200486535 /* location-slider */,
				72DC48761E6B4A5200486535 /* mapbox */,
				72FE08011E74D19300F87A7F /* overlay-container */,
				72F24BD21E71C2CA00CA7702 /* post-filter */,
				72F24BE71E7227F300CA7702 /* post-from */,
				72F24BC01E71AAEA00CA7702 /* post-user-info */,
				722ABA121E746C3400A3F1DA /* slide-navigation-controller */,
				72F24BBC1E71A41C00CA7702 /* tableviewcells */,
			);
			name = "custom-ui";
			sourceTree = "<group>";
		};
		72B881F01E677E0100EB3B2E /* fonts */ = {
			isa = PBXGroup;
			children = (
				72B8820D1E68D10700EB3B2E /* Interstate-LightCondensed.ttf */,
			);
			name = fonts;
			sourceTree = "<group>";
		};
		72B881F51E67916700EB3B2E /* model */ = {
			isa = PBXGroup;
			children = (
				72F24BB41E70F2B000CA7702 /* util */,
				72B881F61E67919400EB3B2E /* AngledButtonAttributes.swift */,
				72F24BD01E71BD1B00CA7702 /* BaseUser.swift */,
				72B882071E688AB300EB3B2E /* CurrentUser.swift */,
				72F24BA21E706AD700CA7702 /* FeedLocation.swift */,
				72DC48851E6CD0B500486535 /* RangeStep.swift */,
				72F24BCE1E71BBFF00CA7702 /* UserPost.swift */,
			);
			name = model;
			sourceTree = "<group>";
		};
		72B881FA1E67B59000EB3B2E /* utility */ = {
			isa = PBXGroup;
			children = (
				72F24BA01E704FEC00CA7702 /* Util.swift */,
			);
			name = utility;
			sourceTree = "<group>";
		};
		72B881FF1E67E44700EB3B2E /* base */ = {
			isa = PBXGroup;
			children = (
				72B881FD1E67DFB100EB3B2E /* LocalityBaseViewController.swift */,
				72F24BF01E72494B00CA7702 /* LocalityPhotoBaseViewController.swift */,
			);
			name = base;
			sourceTree = "<group>";
		};
		72B882021E67E80500EB3B2E /* extension */ = {
			isa = PBXGroup;
			children = (
				72B882031E67E81900EB3B2E /* BundleExtension.swift */,
				72DC487B1E6BCA7700486535 /* DIspatchQueueExtension.swift */,
				72B8820F1E68EAE200EB3B2E /* StringExtension.swift */,
				72F24BEE1E722EC800CA7702 /* UIImageExtension.swift */,
				72F24BC51E71AD3D00CA7702 /* UIImageViewExtension.swift */,
				72F24BD91E71E8FD00CA7702 /* UILabelExtension.swift */,
				72B882041E67E81900EB3B2E /* UIViewExtension.swift */,
				72B882111E68F19D00EB3B2E /* UIViewControllerExtension.swift */,
				722ABA101E7459FB00A3F1DA /* CGFloatExtension.swift */,
				72FE08041E74D72000F87A7F /* UIApplicationExtension.swift */,
			);
			name = extension;
			sourceTree = "<group>";
		};
		72B882171E6A8BB700EB3B2E /* join-login */ = {
			isa = PBXGroup;
			children = (
				72B8820B1E68B8D100EB3B2E /* JoinViewController.swift */,
				72B882151E69434000EB3B2E /* JoinUsernameViewController.swift */,
				72B882131E693C0500EB3B2E /* JoinValidateViewController.swift */,
				72B881EB1E676D8A00EB3B2E /* LandingViewController.swift */,
				72B882001E67E79700EB3B2E /* LoginViewController.swift */,
			);
			name = "join-login";
			sourceTree = "<group>";
		};
		72B8821A1E6A8BEF00EB3B2E /* current-feed */ = {
			isa = PBXGroup;
			children = (
				72B882181E6A8BE800EB3B2E /* CurrentFeedInitializeViewController.swift */,
			);
			name = "current-feed";
			sourceTree = "<group>";
		};
		72DC48761E6B4A5200486535 /* mapbox */ = {
			isa = PBXGroup;
			children = (
				72DC48771E6B4A7D00486535 /* CustomPointAnnotation.swift */,
			);
			name = mapbox;
			sourceTree = "<group>";
		};
		72DC48871E6D9C0200486535 /* location-slider */ = {
			isa = PBXGroup;
			children = (
				72DC48881E6DA0F000486535 /* LocationSlider.swift */,
				72DC488A1E6DA11000486535 /* LocationSlider.xib */,
			);
			name = "location-slider";
			sourceTree = "<group>";
		};
		72F24BA41E70BC4700CA7702 /* left-menu */ = {
			isa = PBXGroup;
			children = (
				72F24BA51E70BC7600CA7702 /* LeftMenuViewController.swift */,
			);
			name = "left-menu";
			sourceTree = "<group>";
		};
		72F24BA91E70DADF00CA7702 /* feed */ = {
			isa = PBXGroup;
			children = (
				72B8821A1E6A8BEF00EB3B2E /* current-feed */,
				72F24BAA1E70DB1500CA7702 /* FeedViewController.swift */,
			);
			name = feed;
			sourceTree = "<group>";
		};
		72F24BAC1E70E99900CA7702 /* feed-header */ = {
			isa = PBXGroup;
			children = (
				72F24BB31E70ECE900CA7702 /* base */,
				72F24BAD1E70E9C300CA7702 /* FlexibleFeedHeaderView.swift */,
				72F24BAF1E70E9DC00CA7702 /* FlexibleFeedHeaderView.xib */,
			);
			name = "feed-header";
			sourceTree = "<group>";
		};
		72F24BB31E70ECE900CA7702 /* base */ = {
			isa = PBXGroup;
			children = (
				72F24BB11E70ECDF00CA7702 /* FeedHeaderView.swift */,
			);
			name = base;
			sourceTree = "<group>";
		};
		72F24BB41E70F2B000CA7702 /* util */ = {
			isa = PBXGroup;
			children = (
				72F24BB51E70F2E400CA7702 /* HeaderIcon.swift */,
				72FE07FA1E747E2600F87A7F /* SlideMenuAttributes.swift */,
				72F24BBA1E71A1B300CA7702 /* SortBy.swift */,
				72B882091E6894BE00EB3B2E /* UserStatus.swift */,
			);
			name = util;
			sourceTree = "<group>";
		};
		72F24BB71E70F80200CA7702 /* buttons */ = {
			isa = PBXGroup;
			children = (
				72F24BCD1E71BAC600CA7702 /* post */,
				72B881F31E678D2900EB3B2E /* AngledButtonPairView.swift */,
				72B881F81E67961E00EB3B2E /* AngledPairButton.swift */,
				72F24BB81E70F84300CA7702 /* HeaderIconButton.swift */,
				72B881EE1E67797100EB3B2E /* RoundedRectangleButton.swift */,
			);
			name = buttons;
			sourceTree = "<group>";
		};
		72F24BBC1E71A41C00CA7702 /* tableviewcells */ = {
			isa = PBXGroup;
			children = (
				72FE08001E74919F00F87A7F /* left-menu-cell */,
				72F24BBD1E71A42800CA7702 /* post-feed-cell */,
			);
			name = tableviewcells;
			sourceTree = "<group>";
		};
		72F24BBD1E71A42800CA7702 /* post-feed-cell */ = {
			isa = PBXGroup;
			children = (
				72F24BD51E71D0F200CA7702 /* PostFeedCell.swift */,
				72F24BC71E71B93C00CA7702 /* PostFeedCellView.swift */,
				72F24BDE1E720F7900CA7702 /* PostFeedCellView.xib */,
			);
			name = "post-feed-cell";
			sourceTree = "<group>";
		};
		72F24BC01E71AAEA00CA7702 /* post-user-info */ = {
			isa = PBXGroup;
			children = (
				72F24BC31E71ABEB00CA7702 /* PostUserInfoView.swift */,
				72F24BC11E71AB1900CA7702 /* PostUserInfoView.xib */,
			);
			name = "post-user-info";
			sourceTree = "<group>";
		};
		72F24BCD1E71BAC600CA7702 /* post */ = {
			isa = PBXGroup;
			children = (
				72F24BCB1E71BAB300CA7702 /* CommentButton.swift */,
				72F24BC91E71BAA700CA7702 /* LikePostButton.swift */,
			);
			name = post;
			sourceTree = "<group>";
		};
		72F24BD21E71C2CA00CA7702 /* post-filter */ = {
			isa = PBXGroup;
			children = (
				72F24BD31E71C2E600CA7702 /* PostFilterView.swift */,
			);
			name = "post-filter";
			sourceTree = "<group>";
		};
		72F24BDB1E71F04300CA7702 /* post */ = {
			isa = PBXGroup;
			children = (
				72F24BE01E7214FC00CA7702 /* PostCreateViewController.swift */,
				72F24BDC1E71F06A00CA7702 /* PostDetailViewController.swift */,
			);
			name = post;
			sourceTree = "<group>";
		};
		72F24BE41E721B4D00CA7702 /* image-upload */ = {
			isa = PBXGroup;
			children = (
				72F24BE51E721D9300CA7702 /* ImageUploadView.swift */,
				72F24BE21E721B3700CA7702 /* ImageUploadView.xib */,
			);
			name = "image-upload";
			sourceTree = "<group>";
		};
		72F24BE71E7227F300CA7702 /* post-from */ = {
			isa = PBXGroup;
			children = (
				72F24BEA1E7228C100CA7702 /* PostFromView.swift */,
				72F24BE81E72282600CA7702 /* PostFromView.xib */,
				72F24BEC1E722BBC00CA7702 /* PostFromViewToggle.swift */,
			);
			name = "post-from";
			sourceTree = "<group>";
		};
		72F24BF21E725B6700CA7702 /* camera-overlay */ = {
			isa = PBXGroup;
			children = (
				72F24BF51E725BCB00CA7702 /* CameraOverlay.swift */,
				72F24BF31E725B8200CA7702 /* CameraOverlay.xib */,
			);
			name = "camera-overlay";
			sourceTree = "<group>";
		};
		72FE07F91E747DC300F87A7F /* animations */ = {
			isa = PBXGroup;
			children = (
				722ABA331E74761100A3F1DA /* SlideNavigationContorllerAnimator.h */,
				722ABA341E74761100A3F1DA /* SlideNavigationContorllerAnimatorFade.h */,
				722ABA351E74761100A3F1DA /* SlideNavigationContorllerAnimatorFade.m */,
				722ABA361E74761100A3F1DA /* SlideNavigationContorllerAnimatorScale.h */,
				722ABA371E74761100A3F1DA /* SlideNavigationContorllerAnimatorScale.m */,
				722ABA381E74761100A3F1DA /* SlideNavigationContorllerAnimatorScaleAndFade.h */,
				722ABA391E74761100A3F1DA /* SlideNavigationContorllerAnimatorScaleAndFade.m */,
				722ABA3A1E74761100A3F1DA /* SlideNavigationContorllerAnimatorSlide.h */,
				722ABA3B1E74761100A3F1DA /* SlideNavigationContorllerAnimatorSlide.m */,
				722ABA3C1E74761100A3F1DA /* SlideNavigationContorllerAnimatorSlideAndFade.h */,
				722ABA3D1E74761100A3F1DA /* SlideNavigationContorllerAnimatorSlideAndFade.m */,
			);
			name = animations;
			sourceTree = "<group>";
		};
		72FE08001E74919F00F87A7F /* left-menu-cell */ = {
			isa = PBXGroup;
			children = (
				72FE07FC1E74919400F87A7F /* LeftMenuCell.swift */,
				72FE07FD1E74919400F87A7F /* LeftMenuCell.xib */,
			);
			name = "left-menu-cell";
			sourceTree = "<group>";
		};
		72FE08011E74D19300F87A7F /* overlay-container */ = {
			isa = PBXGroup;
			children = (
				72FE08021E74D1CB00F87A7F /* OverlayContainer.swift */,
			);
			name = "overlay-container";
			sourceTree = "<group>";
		};
		A140867697BC340ACB5B7282 /* Pods */ = {
			isa = PBXGroup;
			children = (
				B0C073B846F1D9C61B783347 /* Pods-locality-swift.debug.xcconfig */,
				84886BD7BF3AE7DEF44AC1B8 /* Pods-locality-swift.release.xcconfig */,
			);
			name = Pods;
			sourceTree = "<group>";
		};
		D1625ADB007E5B9687ABCB34 /* Frameworks */ = {
			isa = PBXGroup;
			children = (
				DB91C8D02C0D325EDFD2826E /* Pods_locality_swift.framework */,
			);
			name = Frameworks;
			sourceTree = "<group>";
		};
/* End PBXGroup section */

/* Begin PBXNativeTarget section */
		72B8819C1E65EE5000EB3B2E /* locality-swift */ = {
			isa = PBXNativeTarget;
			buildConfigurationList = 72B881C81E65EE5000EB3B2E /* Build configuration list for PBXNativeTarget "locality-swift" */;
			buildPhases = (
				32A1B173CB8B87160BDC3046 /* [CP] Check Pods Manifest.lock */,
				72B881991E65EE5000EB3B2E /* Sources */,
				72B8819A1E65EE5000EB3B2E /* Frameworks */,
				72B8819B1E65EE5000EB3B2E /* Resources */,
				67D6A784E3A7EC7E43112D4A /* [CP] Embed Pods Frameworks */,
				9C148499AB1CD8DD4FE0C08E /* [CP] Copy Pods Resources */,
				72B881D11E65F51900EB3B2E /* ShellScript */,
			);
			buildRules = (
			);
			dependencies = (
			);
			name = "locality-swift";
			productName = "locality-swift";
			productReference = 72B8819D1E65EE5000EB3B2E /* locality-swift.app */;
			productType = "com.apple.product-type.application";
		};
		72B881B31E65EE5000EB3B2E /* locality-swiftTests */ = {
			isa = PBXNativeTarget;
			buildConfigurationList = 72B881CB1E65EE5000EB3B2E /* Build configuration list for PBXNativeTarget "locality-swiftTests" */;
			buildPhases = (
				72B881B01E65EE5000EB3B2E /* Sources */,
				72B881B11E65EE5000EB3B2E /* Frameworks */,
				72B881B21E65EE5000EB3B2E /* Resources */,
			);
			buildRules = (
			);
			dependencies = (
				72B881B61E65EE5000EB3B2E /* PBXTargetDependency */,
			);
			name = "locality-swiftTests";
			productName = "locality-swiftTests";
			productReference = 72B881B41E65EE5000EB3B2E /* locality-swiftTests.xctest */;
			productType = "com.apple.product-type.bundle.unit-test";
		};
		72B881BE1E65EE5000EB3B2E /* locality-swiftUITests */ = {
			isa = PBXNativeTarget;
			buildConfigurationList = 72B881CE1E65EE5000EB3B2E /* Build configuration list for PBXNativeTarget "locality-swiftUITests" */;
			buildPhases = (
				72B881BB1E65EE5000EB3B2E /* Sources */,
				72B881BC1E65EE5000EB3B2E /* Frameworks */,
				72B881BD1E65EE5000EB3B2E /* Resources */,
			);
			buildRules = (
			);
			dependencies = (
				72B881C11E65EE5000EB3B2E /* PBXTargetDependency */,
			);
			name = "locality-swiftUITests";
			productName = "locality-swiftUITests";
			productReference = 72B881BF1E65EE5000EB3B2E /* locality-swiftUITests.xctest */;
			productType = "com.apple.product-type.bundle.ui-testing";
		};
/* End PBXNativeTarget section */

/* Begin PBXProject section */
		72B881951E65EE5000EB3B2E /* Project object */ = {
			isa = PBXProject;
			attributes = {
				LastSwiftUpdateCheck = 0820;
				LastUpgradeCheck = 0820;
				ORGANIZATIONNAME = "Brian Maci";
				TargetAttributes = {
					72B8819C1E65EE5000EB3B2E = {
						CreatedOnToolsVersion = 8.2.1;
						DevelopmentTeam = MF94FJYR24;
						ProvisioningStyle = Automatic;
					};
					72B881B31E65EE5000EB3B2E = {
						CreatedOnToolsVersion = 8.2.1;
						DevelopmentTeam = MF94FJYR24;
						ProvisioningStyle = Automatic;
						TestTargetID = 72B8819C1E65EE5000EB3B2E;
					};
					72B881BE1E65EE5000EB3B2E = {
						CreatedOnToolsVersion = 8.2.1;
						DevelopmentTeam = MF94FJYR24;
						ProvisioningStyle = Automatic;
						TestTargetID = 72B8819C1E65EE5000EB3B2E;
					};
				};
			};
			buildConfigurationList = 72B881981E65EE5000EB3B2E /* Build configuration list for PBXProject "locality-swift" */;
			compatibilityVersion = "Xcode 3.2";
			developmentRegion = English;
			hasScannedForEncodings = 0;
			knownRegions = (
				en,
				Base,
			);
			mainGroup = 72B881941E65EE5000EB3B2E;
			productRefGroup = 72B8819E1E65EE5000EB3B2E /* Products */;
			projectDirPath = "";
			projectRoot = "";
			targets = (
				72B8819C1E65EE5000EB3B2E /* locality-swift */,
				72B881B31E65EE5000EB3B2E /* locality-swiftTests */,
				72B881BE1E65EE5000EB3B2E /* locality-swiftUITests */,
			);
		};
/* End PBXProject section */

/* Begin PBXResourcesBuildPhase section */
		72B8819B1E65EE5000EB3B2E /* Resources */ = {
			isa = PBXResourcesBuildPhase;
			buildActionMask = 2147483647;
			files = (
				72F24BB01E70E9DC00CA7702 /* FlexibleFeedHeaderView.xib in Resources */,
				72FE07FF1E74919400F87A7F /* LeftMenuCell.xib in Resources */,
				72F24BE31E721B3700CA7702 /* ImageUploadView.xib in Resources */,
				72DC48841E6CC8BC00486535 /* RangeValuesFeet.plist in Resources */,
				72DC488B1E6DA11000486535 /* LocationSlider.xib in Resources */,
				72F24BC21E71AB1900CA7702 /* PostUserInfoView.xib in Resources */,
				72F24BA81E70D7F800CA7702 /* MenuOptions.plist in Resources */,
				72F24BE91E72282600CA7702 /* PostFromView.xib in Resources */,
				72B8821E1E6AA54800EB3B2E /* Keys.plist in Resources */,
				72B881AE1E65EE5000EB3B2E /* LaunchScreen.storyboard in Resources */,
				72B881E01E66AFEF00EB3B2E /* GoogleService-Info.plist in Resources */,
				72F24BDF1E720F7900CA7702 /* PostFeedCellView.xib in Resources */,
				72DC48801E6C9BCE00486535 /* Localizable.strings in Resources */,
				72F24BF41E725B8200CA7702 /* CameraOverlay.xib in Resources */,
				72B881AB1E65EE5000EB3B2E /* Assets.xcassets in Resources */,
				72B881A61E65EE5000EB3B2E /* Main.storyboard in Resources */,
				72B8820E1E68D10700EB3B2E /* Interstate-LightCondensed.ttf in Resources */,
			);
			runOnlyForDeploymentPostprocessing = 0;
		};
		72B881B21E65EE5000EB3B2E /* Resources */ = {
			isa = PBXResourcesBuildPhase;
			buildActionMask = 2147483647;
			files = (
			);
			runOnlyForDeploymentPostprocessing = 0;
		};
		72B881BD1E65EE5000EB3B2E /* Resources */ = {
			isa = PBXResourcesBuildPhase;
			buildActionMask = 2147483647;
			files = (
			);
			runOnlyForDeploymentPostprocessing = 0;
		};
/* End PBXResourcesBuildPhase section */

/* Begin PBXShellScriptBuildPhase section */
		32A1B173CB8B87160BDC3046 /* [CP] Check Pods Manifest.lock */ = {
			isa = PBXShellScriptBuildPhase;
			buildActionMask = 2147483647;
			files = (
			);
			inputPaths = (
			);
			name = "[CP] Check Pods Manifest.lock";
			outputPaths = (
			);
			runOnlyForDeploymentPostprocessing = 0;
			shellPath = /bin/sh;
			shellScript = "diff \"${PODS_ROOT}/../Podfile.lock\" \"${PODS_ROOT}/Manifest.lock\" > /dev/null\nif [ $? != 0 ] ; then\n    # print error to STDERR\n    echo \"error: The sandbox is not in sync with the Podfile.lock. Run 'pod install' or update your CocoaPods installation.\" >&2\n    exit 1\nfi\n";
			showEnvVarsInLog = 0;
		};
		67D6A784E3A7EC7E43112D4A /* [CP] Embed Pods Frameworks */ = {
			isa = PBXShellScriptBuildPhase;
			buildActionMask = 2147483647;
			files = (
			);
			inputPaths = (
			);
			name = "[CP] Embed Pods Frameworks";
			outputPaths = (
			);
			runOnlyForDeploymentPostprocessing = 0;
			shellPath = /bin/sh;
			shellScript = "\"${SRCROOT}/Pods/Target Support Files/Pods-locality-swift/Pods-locality-swift-frameworks.sh\"\n";
			showEnvVarsInLog = 0;
		};
		72B881D11E65F51900EB3B2E /* ShellScript */ = {
			isa = PBXShellScriptBuildPhase;
			buildActionMask = 2147483647;
			files = (
			);
			inputPaths = (
			);
			outputPaths = (
			);
			runOnlyForDeploymentPostprocessing = 0;
			shellPath = /bin/sh;
			shellScript = "\"${PODS_ROOT}/Fabric/run\" 41fa09b9fb817786104be7b08ecff0deb5a3ac50 a09d3a4472cc05716fed6b97988fb6a7858700eaa20ef85e8ede354e2ab187bc";
		};
		9C148499AB1CD8DD4FE0C08E /* [CP] Copy Pods Resources */ = {
			isa = PBXShellScriptBuildPhase;
			buildActionMask = 2147483647;
			files = (
			);
			inputPaths = (
			);
			name = "[CP] Copy Pods Resources";
			outputPaths = (
			);
			runOnlyForDeploymentPostprocessing = 0;
			shellPath = /bin/sh;
			shellScript = "\"${SRCROOT}/Pods/Target Support Files/Pods-locality-swift/Pods-locality-swift-resources.sh\"\n";
			showEnvVarsInLog = 0;
		};
/* End PBXShellScriptBuildPhase section */

/* Begin PBXSourcesBuildPhase section */
		72B881991E65EE5000EB3B2E /* Sources */ = {
			isa = PBXSourcesBuildPhase;
			buildActionMask = 2147483647;
			files = (
				722ABA401E74761100A3F1DA /* SlideNavigationContorllerAnimatorFade.m in Sources */,
				72F24BAE1E70E9C300CA7702 /* FlexibleFeedHeaderView.swift in Sources */,
				72F24BB91E70F84300CA7702 /* HeaderIconButton.swift in Sources */,
				72B882011E67E79700EB3B2E /* LoginViewController.swift in Sources */,
				72B881FE1E67DFB100EB3B2E /* LocalityBaseViewController.swift in Sources */,
				72B881E61E66B65700EB3B2E /* FacebookManager.swift in Sources */,
				72F24BCC1E71BAB300CA7702 /* CommentButton.swift in Sources */,
				72B881EF1E67797100EB3B2E /* RoundedRectangleButton.swift in Sources */,
				72F24BD71E71D0F200CA7702 /* PostFeedCell.swift in Sources */,
				72B8820A1E6894BE00EB3B2E /* UserStatus.swift in Sources */,
				72DC487E1E6C502400486535 /* DataParseManager.swift in Sources */,
				72F24BCA1E71BAA700CA7702 /* LikePostButton.swift in Sources */,
				72FE08051E74D72000F87A7F /* UIApplicationExtension.swift in Sources */,
				72F24BE61E721D9300CA7702 /* ImageUploadView.swift in Sources */,
				722ABA411E74761100A3F1DA /* SlideNavigationContorllerAnimatorScale.m in Sources */,
				72F24BB21E70ECDF00CA7702 /* FeedHeaderView.swift in Sources */,
				72B882121E68F19D00EB3B2E /* UIViewControllerExtension.swift in Sources */,
				72F24BF61E725BCB00CA7702 /* CameraOverlay.swift in Sources */,
				72B881E21E66B02F00EB3B2E /* FirebaseManager.swift in Sources */,
				72B882051E67E81900EB3B2E /* BundleExtension.swift in Sources */,
				72F24BCF1E71BBFF00CA7702 /* UserPost.swift in Sources */,
				722ABA451E74761100A3F1DA /* SlideNavigationController.m in Sources */,
				72B8821C1E6AA4C200EB3B2E /* MapboxManager.swift in Sources */,
				722ABA421E74761100A3F1DA /* SlideNavigationContorllerAnimatorScaleAndFade.m in Sources */,
				72F24BED1E722BBC00CA7702 /* PostFromViewToggle.swift in Sources */,
				72F24BC41E71ABEB00CA7702 /* PostUserInfoView.swift in Sources */,
				72F24BDA1E71E8FD00CA7702 /* UILabelExtension.swift in Sources */,
				72DC48891E6DA0F000486535 /* LocationSlider.swift in Sources */,
				722ABA441E74761100A3F1DA /* SlideNavigationContorllerAnimatorSlideAndFade.m in Sources */,
				72F24BEB1E7228C100CA7702 /* PostFromView.swift in Sources */,
				72B882141E693C0500EB3B2E /* JoinValidateViewController.swift in Sources */,
				72B882061E67E81900EB3B2E /* UIViewExtension.swift in Sources */,
				72B881EC1E676D8A00EB3B2E /* LandingViewController.swift in Sources */,
				72DC487A1E6B792200486535 /* AFNetworkingManager.swift in Sources */,
				72DC48781E6B4A7D00486535 /* CustomPointAnnotation.swift in Sources */,
				72B881F91E67961E00EB3B2E /* AngledPairButton.swift in Sources */,
				72F24BF11E72494B00CA7702 /* LocalityPhotoBaseViewController.swift in Sources */,
				72FE07FE1E74919400F87A7F /* LeftMenuCell.swift in Sources */,
				72F24BC61E71AD3D00CA7702 /* UIImageViewExtension.swift in Sources */,
				72B882191E6A8BE800EB3B2E /* CurrentFeedInitializeViewController.swift in Sources */,
				72B881D31E65F5E200EB3B2E /* FabricManager.swift in Sources */,
				72F24BD11E71BD1B00CA7702 /* BaseUser.swift in Sources */,
				72F24BF81E730C5A00CA7702 /* PhotoUploadManager.swift in Sources */,
				72B881D91E665F3A00EB3B2E /* Config.swift in Sources */,
				72F24BD41E71C2E600CA7702 /* PostFilterView.swift in Sources */,
				72B882101E68EAE200EB3B2E /* StringExtension.swift in Sources */,
				72F24BC81E71B93C00CA7702 /* PostFeedCellView.swift in Sources */,
				72F24BBB1E71A1B300CA7702 /* SortBy.swift in Sources */,
				72B882081E688AB300EB3B2E /* CurrentUser.swift in Sources */,
				72B881F71E67919400EB3B2E /* AngledButtonAttributes.swift in Sources */,
				72FE08031E74D1CB00F87A7F /* OverlayContainer.swift in Sources */,
				72DC487C1E6BCA7700486535 /* DIspatchQueueExtension.swift in Sources */,
				72F24BB61E70F2E400CA7702 /* HeaderIcon.swift in Sources */,
				72B881F41E678D2900EB3B2E /* AngledButtonPairView.swift in Sources */,
				722ABA111E7459FB00A3F1DA /* CGFloatExtension.swift in Sources */,
				72B8820C1E68B8D100EB3B2E /* JoinViewController.swift in Sources */,
				72F24BAB1E70DB1500CA7702 /* FeedViewController.swift in Sources */,
				72F24BFB1E735BF700CA7702 /* GeoFireManager.swift in Sources */,
				72F24BA31E706AD700CA7702 /* FeedLocation.swift in Sources */,
				72F24BE11E7214FC00CA7702 /* PostCreateViewController.swift in Sources */,
				72B881A11E65EE5000EB3B2E /* AppDelegate.swift in Sources */,
				72F24BEF1E722EC800CA7702 /* UIImageExtension.swift in Sources */,
				72FE07FB1E747E2600F87A7F /* SlideMenuAttributes.swift in Sources */,
				72DC48861E6CD0B500486535 /* RangeStep.swift in Sources */,
				72F24BA61E70BC7600CA7702 /* LeftMenuViewController.swift in Sources */,
				72F24BA11E704FEC00CA7702 /* Util.swift in Sources */,
				72F24BDD1E71F06A00CA7702 /* PostDetailViewController.swift in Sources */,
				722ABA431E74761100A3F1DA /* SlideNavigationContorllerAnimatorSlide.m in Sources */,
				72B882161E69434000EB3B2E /* JoinUsernameViewController.swift in Sources */,
				72B881A91E65EE5000EB3B2E /* locality_swift.xcdatamodeld in Sources */,
			);
			runOnlyForDeploymentPostprocessing = 0;
		};
		72B881B01E65EE5000EB3B2E /* Sources */ = {
			isa = PBXSourcesBuildPhase;
			buildActionMask = 2147483647;
			files = (
				72B881B91E65EE5000EB3B2E /* locality_swiftTests.swift in Sources */,
			);
			runOnlyForDeploymentPostprocessing = 0;
		};
		72B881BB1E65EE5000EB3B2E /* Sources */ = {
			isa = PBXSourcesBuildPhase;
			buildActionMask = 2147483647;
			files = (
				72B881C41E65EE5000EB3B2E /* locality_swiftUITests.swift in Sources */,
			);
			runOnlyForDeploymentPostprocessing = 0;
		};
/* End PBXSourcesBuildPhase section */

/* Begin PBXTargetDependency section */
		72B881B61E65EE5000EB3B2E /* PBXTargetDependency */ = {
			isa = PBXTargetDependency;
			target = 72B8819C1E65EE5000EB3B2E /* locality-swift */;
			targetProxy = 72B881B51E65EE5000EB3B2E /* PBXContainerItemProxy */;
		};
		72B881C11E65EE5000EB3B2E /* PBXTargetDependency */ = {
			isa = PBXTargetDependency;
			target = 72B8819C1E65EE5000EB3B2E /* locality-swift */;
			targetProxy = 72B881C01E65EE5000EB3B2E /* PBXContainerItemProxy */;
		};
/* End PBXTargetDependency section */

/* Begin PBXVariantGroup section */
		72B881A41E65EE5000EB3B2E /* Main.storyboard */ = {
			isa = PBXVariantGroup;
			children = (
				72B881A51E65EE5000EB3B2E /* Base */,
			);
			name = Main.storyboard;
			sourceTree = "<group>";
		};
		72B881AC1E65EE5000EB3B2E /* LaunchScreen.storyboard */ = {
			isa = PBXVariantGroup;
			children = (
				72B881AD1E65EE5000EB3B2E /* Base */,
			);
			name = LaunchScreen.storyboard;
			sourceTree = "<group>";
		};
/* End PBXVariantGroup section */

/* Begin XCBuildConfiguration section */
		72B881C61E65EE5000EB3B2E /* Debug */ = {
			isa = XCBuildConfiguration;
			buildSettings = {
				ALWAYS_SEARCH_USER_PATHS = NO;
				CLANG_ANALYZER_NONNULL = YES;
				CLANG_CXX_LANGUAGE_STANDARD = "gnu++0x";
				CLANG_CXX_LIBRARY = "libc++";
				CLANG_ENABLE_MODULES = YES;
				CLANG_ENABLE_OBJC_ARC = YES;
				CLANG_WARN_BOOL_CONVERSION = YES;
				CLANG_WARN_CONSTANT_CONVERSION = YES;
				CLANG_WARN_DIRECT_OBJC_ISA_USAGE = YES_ERROR;
				CLANG_WARN_DOCUMENTATION_COMMENTS = YES;
				CLANG_WARN_EMPTY_BODY = YES;
				CLANG_WARN_ENUM_CONVERSION = YES;
				CLANG_WARN_INFINITE_RECURSION = YES;
				CLANG_WARN_INT_CONVERSION = YES;
				CLANG_WARN_OBJC_ROOT_CLASS = YES_ERROR;
				CLANG_WARN_SUSPICIOUS_MOVE = YES;
				CLANG_WARN_UNREACHABLE_CODE = YES;
				CLANG_WARN__DUPLICATE_METHOD_MATCH = YES;
				"CODE_SIGN_IDENTITY[sdk=iphoneos*]" = "iPhone Developer";
				COPY_PHASE_STRIP = NO;
				DEBUG_INFORMATION_FORMAT = dwarf;
				ENABLE_STRICT_OBJC_MSGSEND = YES;
				ENABLE_TESTABILITY = YES;
				GCC_C_LANGUAGE_STANDARD = gnu99;
				GCC_DYNAMIC_NO_PIC = NO;
				GCC_NO_COMMON_BLOCKS = YES;
				GCC_OPTIMIZATION_LEVEL = 0;
				GCC_PREPROCESSOR_DEFINITIONS = (
					"DEBUG=1",
					"$(inherited)",
				);
				GCC_WARN_64_TO_32_BIT_CONVERSION = YES;
				GCC_WARN_ABOUT_RETURN_TYPE = YES_ERROR;
				GCC_WARN_UNDECLARED_SELECTOR = YES;
				GCC_WARN_UNINITIALIZED_AUTOS = YES_AGGRESSIVE;
				GCC_WARN_UNUSED_FUNCTION = YES;
				GCC_WARN_UNUSED_VARIABLE = YES;
				IPHONEOS_DEPLOYMENT_TARGET = 10.2;
				MTL_ENABLE_DEBUG_INFO = YES;
				ONLY_ACTIVE_ARCH = YES;
				SDKROOT = iphoneos;
				SWIFT_ACTIVE_COMPILATION_CONDITIONS = DEBUG;
				SWIFT_OBJC_BRIDGING_HEADER = "";
				SWIFT_OPTIMIZATION_LEVEL = "-Onone";
			};
			name = Debug;
		};
		72B881C71E65EE5000EB3B2E /* Release */ = {
			isa = XCBuildConfiguration;
			buildSettings = {
				ALWAYS_SEARCH_USER_PATHS = NO;
				CLANG_ANALYZER_NONNULL = YES;
				CLANG_CXX_LANGUAGE_STANDARD = "gnu++0x";
				CLANG_CXX_LIBRARY = "libc++";
				CLANG_ENABLE_MODULES = YES;
				CLANG_ENABLE_OBJC_ARC = YES;
				CLANG_WARN_BOOL_CONVERSION = YES;
				CLANG_WARN_CONSTANT_CONVERSION = YES;
				CLANG_WARN_DIRECT_OBJC_ISA_USAGE = YES_ERROR;
				CLANG_WARN_DOCUMENTATION_COMMENTS = YES;
				CLANG_WARN_EMPTY_BODY = YES;
				CLANG_WARN_ENUM_CONVERSION = YES;
				CLANG_WARN_INFINITE_RECURSION = YES;
				CLANG_WARN_INT_CONVERSION = YES;
				CLANG_WARN_OBJC_ROOT_CLASS = YES_ERROR;
				CLANG_WARN_SUSPICIOUS_MOVE = YES;
				CLANG_WARN_UNREACHABLE_CODE = YES;
				CLANG_WARN__DUPLICATE_METHOD_MATCH = YES;
				"CODE_SIGN_IDENTITY[sdk=iphoneos*]" = "iPhone Developer";
				COPY_PHASE_STRIP = NO;
				DEBUG_INFORMATION_FORMAT = "dwarf-with-dsym";
				ENABLE_NS_ASSERTIONS = NO;
				ENABLE_STRICT_OBJC_MSGSEND = YES;
				GCC_C_LANGUAGE_STANDARD = gnu99;
				GCC_NO_COMMON_BLOCKS = YES;
				GCC_WARN_64_TO_32_BIT_CONVERSION = YES;
				GCC_WARN_ABOUT_RETURN_TYPE = YES_ERROR;
				GCC_WARN_UNDECLARED_SELECTOR = YES;
				GCC_WARN_UNINITIALIZED_AUTOS = YES_AGGRESSIVE;
				GCC_WARN_UNUSED_FUNCTION = YES;
				GCC_WARN_UNUSED_VARIABLE = YES;
				IPHONEOS_DEPLOYMENT_TARGET = 10.2;
				MTL_ENABLE_DEBUG_INFO = NO;
				SDKROOT = iphoneos;
				SWIFT_OBJC_BRIDGING_HEADER = "";
				SWIFT_OPTIMIZATION_LEVEL = "-Owholemodule";
				VALIDATE_PRODUCT = YES;
			};
			name = Release;
		};
		72B881C91E65EE5000EB3B2E /* Debug */ = {
			isa = XCBuildConfiguration;
			baseConfigurationReference = B0C073B846F1D9C61B783347 /* Pods-locality-swift.debug.xcconfig */;
			buildSettings = {
				ASSETCATALOG_COMPILER_APPICON_NAME = AppIcon;
				DEBUG_INFORMATION_FORMAT = "dwarf-with-dsym";
				DEFINES_MODULE = NO;
				DEVELOPMENT_TEAM = MF94FJYR24;
				GCC_NO_COMMON_BLOCKS = YES;
				INFOPLIST_FILE = "locality-swift/Info.plist";
				LD_RUNPATH_SEARCH_PATHS = "$(inherited) @executable_path/Frameworks";
				OTHER_LDFLAGS = (
					"$(inherited)",
					"-l\"c++\"",
					"-l\"icucore\"",
					"-l\"sqlite3\"",
					"-l\"z\"",
					"-framework",
					"\"AFNetworking\"",
					"-framework",
					"\"AVFoundation\"",
					"-framework",
					"\"Accelerate\"",
					"-framework",
					"\"Accounts\"",
					"-framework",
					"\"Bolts\"",
					"-framework",
					"\"CFNetwork\"",
					"-framework",
					"\"CoreData\"",
					"-framework",
					"\"CoreGraphics\"",
					"-framework",
					"\"CoreLocation\"",
					"-framework",
					"\"CoreMedia\"",
					"-framework",
					"\"CoreText\"",
					"-framework",
					"\"FBSDKCoreKit\"",
					"-framework",
					"\"FBSDKLoginKit\"",
					"-framework",
					"\"Fabric\"",
					"-framework",
					"\"FirebaseAnalytics\"",
					"-framework",
					"\"FirebaseAuth\"",
					"-framework",
					"\"FirebaseCore\"",
					"-framework",
					"\"FirebaseDatabase\"",
					"-framework",
					"\"FirebaseInstanceID\"",
					"-framework",
					"\"FirebaseStorage\"",
					"-framework",
					"\"Foundation\"",
					"-framework",
					"\"GLKit\"",
					"-framework",
					"\"GTMSessionFetcher\"",
					"-framework",
					"\"GeoFire\"",
					"-framework",
					"\"GoogleMaps\"",
					"-framework",
					"\"GoogleMapsBase\"",
					"-framework",
					"\"GoogleMapsCore\"",
					"-framework",
					"\"GoogleToolboxForMac\"",
					"-framework",
					"\"ImageIO\"",
					"-framework",
					"\"Mapbox\"",
					"-framework",
					"\"MobileCoreServices\"",
					"-framework",
					"\"OpenGLES\"",
					"-framework",
					"\"QuartzCore\"",
					"-framework",
					"\"RSKImageCropper\"",
					"-framework",
					"\"SDWebImage\"",
					"-framework",
					"\"SafariServices\"",
					"-framework",
					"\"Security\"",
					"-framework",
					"\"Social\"",
					"-framework",
					"\"StoreKit\"",
					"-framework",
					"\"SystemConfiguration\"",
					"-framework",
					"\"TwitterCore\"",
					"-framework",
					"\"TwitterKit\"",
					"-framework",
					"\"UIKit\"",
				);
				PRODUCT_BUNDLE_IDENTIFIER = "com.briancmaci.locality-swift";
				PRODUCT_NAME = "$(TARGET_NAME)";
				SWIFT_OBJC_BRIDGING_HEADER = "locality-swift/Locality-Bridging-Header.h";
				SWIFT_VERSION = 3.0;
			};
			name = Debug;
		};
		72B881CA1E65EE5000EB3B2E /* Release */ = {
			isa = XCBuildConfiguration;
			baseConfigurationReference = 84886BD7BF3AE7DEF44AC1B8 /* Pods-locality-swift.release.xcconfig */;
			buildSettings = {
				ASSETCATALOG_COMPILER_APPICON_NAME = AppIcon;
				DEBUG_INFORMATION_FORMAT = "dwarf-with-dsym";
				DEFINES_MODULE = NO;
				DEVELOPMENT_TEAM = MF94FJYR24;
				GCC_NO_COMMON_BLOCKS = YES;
				INFOPLIST_FILE = "locality-swift/Info.plist";
				LD_RUNPATH_SEARCH_PATHS = "$(inherited) @executable_path/Frameworks";
				OTHER_LDFLAGS = (
					"$(inherited)",
					"-l\"c++\"",
					"-l\"icucore\"",
					"-l\"sqlite3\"",
					"-l\"z\"",
					"-framework",
					"\"AFNetworking\"",
					"-framework",
					"\"AVFoundation\"",
					"-framework",
					"\"Accelerate\"",
					"-framework",
					"\"Accounts\"",
					"-framework",
					"\"Bolts\"",
					"-framework",
					"\"CFNetwork\"",
					"-framework",
					"\"CoreData\"",
					"-framework",
					"\"CoreGraphics\"",
					"-framework",
					"\"CoreLocation\"",
					"-framework",
					"\"CoreMedia\"",
					"-framework",
					"\"CoreText\"",
					"-framework",
					"\"FBSDKCoreKit\"",
					"-framework",
					"\"FBSDKLoginKit\"",
					"-framework",
					"\"Fabric\"",
					"-framework",
					"\"FirebaseAnalytics\"",
					"-framework",
					"\"FirebaseAuth\"",
					"-framework",
					"\"FirebaseCore\"",
					"-framework",
					"\"FirebaseDatabase\"",
					"-framework",
					"\"FirebaseInstanceID\"",
					"-framework",
					"\"FirebaseStorage\"",
					"-framework",
					"\"Foundation\"",
					"-framework",
					"\"GLKit\"",
					"-framework",
					"\"GTMSessionFetcher\"",
					"-framework",
					"\"GeoFire\"",
					"-framework",
					"\"GoogleMaps\"",
					"-framework",
					"\"GoogleMapsBase\"",
					"-framework",
					"\"GoogleMapsCore\"",
					"-framework",
					"\"GoogleToolboxForMac\"",
					"-framework",
					"\"ImageIO\"",
					"-framework",
					"\"Mapbox\"",
					"-framework",
					"\"MobileCoreServices\"",
					"-framework",
					"\"OpenGLES\"",
					"-framework",
					"\"QuartzCore\"",
					"-framework",
					"\"RSKImageCropper\"",
					"-framework",
					"\"SDWebImage\"",
					"-framework",
					"\"SafariServices\"",
					"-framework",
					"\"Security\"",
					"-framework",
					"\"Social\"",
					"-framework",
					"\"StoreKit\"",
					"-framework",
					"\"SystemConfiguration\"",
					"-framework",
					"\"TwitterCore\"",
					"-framework",
					"\"TwitterKit\"",
					"-framework",
					"\"UIKit\"",
				);
				PRODUCT_BUNDLE_IDENTIFIER = "com.briancmaci.locality-swift";
				PRODUCT_NAME = "$(TARGET_NAME)";
				SWIFT_OBJC_BRIDGING_HEADER = "locality-swift/Locality-Bridging-Header.h";
				SWIFT_VERSION = 3.0;
			};
			name = Release;
		};
		72B881CC1E65EE5000EB3B2E /* Debug */ = {
			isa = XCBuildConfiguration;
			buildSettings = {
				ALWAYS_EMBED_SWIFT_STANDARD_LIBRARIES = YES;
				BUNDLE_LOADER = "$(TEST_HOST)";
				DEVELOPMENT_TEAM = MF94FJYR24;
				INFOPLIST_FILE = "locality-swiftTests/Info.plist";
				LD_RUNPATH_SEARCH_PATHS = "$(inherited) @executable_path/Frameworks @loader_path/Frameworks";
				PRODUCT_BUNDLE_IDENTIFIER = "com.briancmaci.locality-swiftTests";
				PRODUCT_NAME = "$(TARGET_NAME)";
				SWIFT_VERSION = 3.0;
				TEST_HOST = "$(BUILT_PRODUCTS_DIR)/locality-swift.app/locality-swift";
			};
			name = Debug;
		};
		72B881CD1E65EE5000EB3B2E /* Release */ = {
			isa = XCBuildConfiguration;
			buildSettings = {
				ALWAYS_EMBED_SWIFT_STANDARD_LIBRARIES = YES;
				BUNDLE_LOADER = "$(TEST_HOST)";
				DEVELOPMENT_TEAM = MF94FJYR24;
				INFOPLIST_FILE = "locality-swiftTests/Info.plist";
				LD_RUNPATH_SEARCH_PATHS = "$(inherited) @executable_path/Frameworks @loader_path/Frameworks";
				PRODUCT_BUNDLE_IDENTIFIER = "com.briancmaci.locality-swiftTests";
				PRODUCT_NAME = "$(TARGET_NAME)";
				SWIFT_VERSION = 3.0;
				TEST_HOST = "$(BUILT_PRODUCTS_DIR)/locality-swift.app/locality-swift";
			};
			name = Release;
		};
		72B881CF1E65EE5000EB3B2E /* Debug */ = {
			isa = XCBuildConfiguration;
			buildSettings = {
				ALWAYS_EMBED_SWIFT_STANDARD_LIBRARIES = YES;
				DEVELOPMENT_TEAM = MF94FJYR24;
				INFOPLIST_FILE = "locality-swiftUITests/Info.plist";
				LD_RUNPATH_SEARCH_PATHS = "$(inherited) @executable_path/Frameworks @loader_path/Frameworks";
				PRODUCT_BUNDLE_IDENTIFIER = "com.briancmaci.locality-swiftUITests";
				PRODUCT_NAME = "$(TARGET_NAME)";
				SWIFT_VERSION = 3.0;
				TEST_TARGET_NAME = "locality-swift";
			};
			name = Debug;
		};
		72B881D01E65EE5000EB3B2E /* Release */ = {
			isa = XCBuildConfiguration;
			buildSettings = {
				ALWAYS_EMBED_SWIFT_STANDARD_LIBRARIES = YES;
				DEVELOPMENT_TEAM = MF94FJYR24;
				INFOPLIST_FILE = "locality-swiftUITests/Info.plist";
				LD_RUNPATH_SEARCH_PATHS = "$(inherited) @executable_path/Frameworks @loader_path/Frameworks";
				PRODUCT_BUNDLE_IDENTIFIER = "com.briancmaci.locality-swiftUITests";
				PRODUCT_NAME = "$(TARGET_NAME)";
				SWIFT_VERSION = 3.0;
				TEST_TARGET_NAME = "locality-swift";
			};
			name = Release;
		};
/* End XCBuildConfiguration section */

/* Begin XCConfigurationList section */
		72B881981E65EE5000EB3B2E /* Build configuration list for PBXProject "locality-swift" */ = {
			isa = XCConfigurationList;
			buildConfigurations = (
				72B881C61E65EE5000EB3B2E /* Debug */,
				72B881C71E65EE5000EB3B2E /* Release */,
			);
			defaultConfigurationIsVisible = 0;
			defaultConfigurationName = Release;
		};
		72B881C81E65EE5000EB3B2E /* Build configuration list for PBXNativeTarget "locality-swift" */ = {
			isa = XCConfigurationList;
			buildConfigurations = (
				72B881C91E65EE5000EB3B2E /* Debug */,
				72B881CA1E65EE5000EB3B2E /* Release */,
			);
			defaultConfigurationIsVisible = 0;
			defaultConfigurationName = Release;
		};
		72B881CB1E65EE5000EB3B2E /* Build configuration list for PBXNativeTarget "locality-swiftTests" */ = {
			isa = XCConfigurationList;
			buildConfigurations = (
				72B881CC1E65EE5000EB3B2E /* Debug */,
				72B881CD1E65EE5000EB3B2E /* Release */,
			);
			defaultConfigurationIsVisible = 0;
			defaultConfigurationName = Release;
		};
		72B881CE1E65EE5000EB3B2E /* Build configuration list for PBXNativeTarget "locality-swiftUITests" */ = {
			isa = XCConfigurationList;
			buildConfigurations = (
				72B881CF1E65EE5000EB3B2E /* Debug */,
				72B881D01E65EE5000EB3B2E /* Release */,
			);
			defaultConfigurationIsVisible = 0;
			defaultConfigurationName = Release;
		};
/* End XCConfigurationList section */

/* Begin XCVersionGroup section */
		72B881A71E65EE5000EB3B2E /* locality_swift.xcdatamodeld */ = {
			isa = XCVersionGroup;
			children = (
				72B881A81E65EE5000EB3B2E /* locality_swift.xcdatamodel */,
			);
			currentVersion = 72B881A81E65EE5000EB3B2E /* locality_swift.xcdatamodel */;
			path = locality_swift.xcdatamodeld;
			sourceTree = "<group>";
			versionGroupType = wrapper.xcdatamodel;
		};
/* End XCVersionGroup section */
	};
	rootObject = 72B881951E65EE5000EB3B2E /* Project object */;
}
