// !$*UTF8*$!
{
	archiveVersion = 1;
	classes = {
	};
	objectVersion = 46;
	objects = {

/* Begin PBXBuildFile section */
		72B881A11E65EE5000EB3B2E /* AppDelegate.swift in Sources */ = {isa = PBXBuildFile; fileRef = 72B881A01E65EE5000EB3B2E /* AppDelegate.swift */; };
		72B881A61E65EE5000EB3B2E /* Main.storyboard in Resources */ = {isa = PBXBuildFile; fileRef = 72B881A41E65EE5000EB3B2E /* Main.storyboard */; };
		72B881A91E65EE5000EB3B2E /* locality_swift.xcdatamodeld in Sources */ = {isa = PBXBuildFile; fileRef = 72B881A71E65EE5000EB3B2E /* locality_swift.xcdatamodeld */; };
		72B881AB1E65EE5000EB3B2E /* Assets.xcassets in Resources */ = {isa = PBXBuildFile; fileRef = 72B881AA1E65EE5000EB3B2E /* Assets.xcassets */; };
		72B881AE1E65EE5000EB3B2E /* LaunchScreen.storyboard in Resources */ = {isa = PBXBuildFile; fileRef = 72B881AC1E65EE5000EB3B2E /* LaunchScreen.storyboard */; };
		72B881B91E65EE5000EB3B2E /* locality_swiftTests.swift in Sources */ = {isa = PBXBuildFile; fileRef = 72B881B81E65EE5000EB3B2E /* locality_swiftTests.swift */; };
		72B881C41E65EE5000EB3B2E /* locality_swiftUITests.swift in Sources */ = {isa = PBXBuildFile; fileRef = 72B881C31E65EE5000EB3B2E /* locality_swiftUITests.swift */; };
		72B881D31E65F5E200EB3B2E /* FabricManager.swift in Sources */ = {isa = PBXBuildFile; fileRef = 72B881D21E65F5E200EB3B2E /* FabricManager.swift */; };
		72B881D91E665F3A00EB3B2E /* Config.swift in Sources */ = {isa = PBXBuildFile; fileRef = 72B881D81E665F3A00EB3B2E /* Config.swift */; };
		72B881E01E66AFEF00EB3B2E /* GoogleService-Info.plist in Resources */ = {isa = PBXBuildFile; fileRef = 72B881DF1E66AFEF00EB3B2E /* GoogleService-Info.plist */; };
		72B881E21E66B02F00EB3B2E /* FirebaseManager.swift in Sources */ = {isa = PBXBuildFile; fileRef = 72B881E11E66B02F00EB3B2E /* FirebaseManager.swift */; };
		72B881E61E66B65700EB3B2E /* FacebookManager.swift in Sources */ = {isa = PBXBuildFile; fileRef = 72B881E51E66B65700EB3B2E /* FacebookManager.swift */; };
		72B881EC1E676D8A00EB3B2E /* LandingViewController.swift in Sources */ = {isa = PBXBuildFile; fileRef = 72B881EB1E676D8A00EB3B2E /* LandingViewController.swift */; };
		72B881EF1E67797100EB3B2E /* RoundedRectangleButton.swift in Sources */ = {isa = PBXBuildFile; fileRef = 72B881EE1E67797100EB3B2E /* RoundedRectangleButton.swift */; };
		72B881F41E678D2900EB3B2E /* AngledButtonPairView.swift in Sources */ = {isa = PBXBuildFile; fileRef = 72B881F31E678D2900EB3B2E /* AngledButtonPairView.swift */; };
		72B881F71E67919400EB3B2E /* AngledButtonAttributes.swift in Sources */ = {isa = PBXBuildFile; fileRef = 72B881F61E67919400EB3B2E /* AngledButtonAttributes.swift */; };
		72B881F91E67961E00EB3B2E /* AngledPairButton.swift in Sources */ = {isa = PBXBuildFile; fileRef = 72B881F81E67961E00EB3B2E /* AngledPairButton.swift */; };
		72B881FC1E67B5A700EB3B2E /* AppUtilities.swift in Sources */ = {isa = PBXBuildFile; fileRef = 72B881FB1E67B5A700EB3B2E /* AppUtilities.swift */; };
		72B881FE1E67DFB100EB3B2E /* LocalityBaseViewController.swift in Sources */ = {isa = PBXBuildFile; fileRef = 72B881FD1E67DFB100EB3B2E /* LocalityBaseViewController.swift */; };
		72B882011E67E79700EB3B2E /* LoginViewController.swift in Sources */ = {isa = PBXBuildFile; fileRef = 72B882001E67E79700EB3B2E /* LoginViewController.swift */; };
		72B882051E67E81900EB3B2E /* BundleExtension.swift in Sources */ = {isa = PBXBuildFile; fileRef = 72B882031E67E81900EB3B2E /* BundleExtension.swift */; };
		72B882061E67E81900EB3B2E /* UIViewExtension.swift in Sources */ = {isa = PBXBuildFile; fileRef = 72B882041E67E81900EB3B2E /* UIViewExtension.swift */; };
		72B882081E688AB300EB3B2E /* CurrentUser.swift in Sources */ = {isa = PBXBuildFile; fileRef = 72B882071E688AB300EB3B2E /* CurrentUser.swift */; };
		72B8820A1E6894BE00EB3B2E /* UserStatus.swift in Sources */ = {isa = PBXBuildFile; fileRef = 72B882091E6894BE00EB3B2E /* UserStatus.swift */; };
		72B8820C1E68B8D100EB3B2E /* JoinViewController.swift in Sources */ = {isa = PBXBuildFile; fileRef = 72B8820B1E68B8D100EB3B2E /* JoinViewController.swift */; };
		72B8820E1E68D10700EB3B2E /* Interstate-LightCondensed.ttf in Resources */ = {isa = PBXBuildFile; fileRef = 72B8820D1E68D10700EB3B2E /* Interstate-LightCondensed.ttf */; };
		72B882101E68EAE200EB3B2E /* StringExtension.swift in Sources */ = {isa = PBXBuildFile; fileRef = 72B8820F1E68EAE200EB3B2E /* StringExtension.swift */; };
		72B882121E68F19D00EB3B2E /* UIViewControllerExtension.swift in Sources */ = {isa = PBXBuildFile; fileRef = 72B882111E68F19D00EB3B2E /* UIViewControllerExtension.swift */; };
		72B882141E693C0500EB3B2E /* JoinValidateViewController.swift in Sources */ = {isa = PBXBuildFile; fileRef = 72B882131E693C0500EB3B2E /* JoinValidateViewController.swift */; };
		72B882161E69434000EB3B2E /* JoinUsernameViewController.swift in Sources */ = {isa = PBXBuildFile; fileRef = 72B882151E69434000EB3B2E /* JoinUsernameViewController.swift */; };
		A4BE9DA43AD7D9F572693B60 /* Pods_locality_swift.framework in Frameworks */ = {isa = PBXBuildFile; fileRef = DB91C8D02C0D325EDFD2826E /* Pods_locality_swift.framework */; };
/* End PBXBuildFile section */

/* Begin PBXContainerItemProxy section */
		72B881B51E65EE5000EB3B2E /* PBXContainerItemProxy */ = {
			isa = PBXContainerItemProxy;
			containerPortal = 72B881951E65EE5000EB3B2E /* Project object */;
			proxyType = 1;
			remoteGlobalIDString = 72B8819C1E65EE5000EB3B2E;
			remoteInfo = "locality-swift";
		};
		72B881C01E65EE5000EB3B2E /* PBXContainerItemProxy */ = {
			isa = PBXContainerItemProxy;
			containerPortal = 72B881951E65EE5000EB3B2E /* Project object */;
			proxyType = 1;
			remoteGlobalIDString = 72B8819C1E65EE5000EB3B2E;
			remoteInfo = "locality-swift";
		};
/* End PBXContainerItemProxy section */

/* Begin PBXFileReference section */
		72B8819D1E65EE5000EB3B2E /* locality-swift.app */ = {isa = PBXFileReference; explicitFileType = wrapper.application; includeInIndex = 0; path = "locality-swift.app"; sourceTree = BUILT_PRODUCTS_DIR; };
		72B881A01E65EE5000EB3B2E /* AppDelegate.swift */ = {isa = PBXFileReference; lastKnownFileType = sourcecode.swift; path = AppDelegate.swift; sourceTree = "<group>"; };
		72B881A51E65EE5000EB3B2E /* Base */ = {isa = PBXFileReference; lastKnownFileType = file.storyboard; name = Base; path = Base.lproj/Main.storyboard; sourceTree = "<group>"; };
		72B881A81E65EE5000EB3B2E /* locality_swift.xcdatamodel */ = {isa = PBXFileReference; lastKnownFileType = wrapper.xcdatamodel; path = locality_swift.xcdatamodel; sourceTree = "<group>"; };
		72B881AA1E65EE5000EB3B2E /* Assets.xcassets */ = {isa = PBXFileReference; lastKnownFileType = folder.assetcatalog; path = Assets.xcassets; sourceTree = "<group>"; };
		72B881AD1E65EE5000EB3B2E /* Base */ = {isa = PBXFileReference; lastKnownFileType = file.storyboard; name = Base; path = Base.lproj/LaunchScreen.storyboard; sourceTree = "<group>"; };
		72B881AF1E65EE5000EB3B2E /* Info.plist */ = {isa = PBXFileReference; lastKnownFileType = text.plist.xml; path = Info.plist; sourceTree = "<group>"; };
		72B881B41E65EE5000EB3B2E /* locality-swiftTests.xctest */ = {isa = PBXFileReference; explicitFileType = wrapper.cfbundle; includeInIndex = 0; path = "locality-swiftTests.xctest"; sourceTree = BUILT_PRODUCTS_DIR; };
		72B881B81E65EE5000EB3B2E /* locality_swiftTests.swift */ = {isa = PBXFileReference; lastKnownFileType = sourcecode.swift; path = locality_swiftTests.swift; sourceTree = "<group>"; };
		72B881BA1E65EE5000EB3B2E /* Info.plist */ = {isa = PBXFileReference; lastKnownFileType = text.plist.xml; path = Info.plist; sourceTree = "<group>"; };
		72B881BF1E65EE5000EB3B2E /* locality-swiftUITests.xctest */ = {isa = PBXFileReference; explicitFileType = wrapper.cfbundle; includeInIndex = 0; path = "locality-swiftUITests.xctest"; sourceTree = BUILT_PRODUCTS_DIR; };
		72B881C31E65EE5000EB3B2E /* locality_swiftUITests.swift */ = {isa = PBXFileReference; lastKnownFileType = sourcecode.swift; path = locality_swiftUITests.swift; sourceTree = "<group>"; };
		72B881C51E65EE5000EB3B2E /* Info.plist */ = {isa = PBXFileReference; lastKnownFileType = text.plist.xml; path = Info.plist; sourceTree = "<group>"; };
		72B881D21E65F5E200EB3B2E /* FabricManager.swift */ = {isa = PBXFileReference; fileEncoding = 4; lastKnownFileType = sourcecode.swift; name = FabricManager.swift; path = manager/FabricManager.swift; sourceTree = "<group>"; };
		72B881D81E665F3A00EB3B2E /* Config.swift */ = {isa = PBXFileReference; fileEncoding = 4; lastKnownFileType = sourcecode.swift; name = Config.swift; path = config/Config.swift; sourceTree = "<group>"; };
		72B881DE1E66A9B600EB3B2E /* Locality-Bridging-Header.h */ = {isa = PBXFileReference; lastKnownFileType = sourcecode.c.h; path = "Locality-Bridging-Header.h"; sourceTree = "<group>"; };
		72B881DF1E66AFEF00EB3B2E /* GoogleService-Info.plist */ = {isa = PBXFileReference; fileEncoding = 4; lastKnownFileType = text.plist.xml; path = "GoogleService-Info.plist"; sourceTree = "<group>"; };
		72B881E11E66B02F00EB3B2E /* FirebaseManager.swift */ = {isa = PBXFileReference; fileEncoding = 4; lastKnownFileType = sourcecode.swift; name = FirebaseManager.swift; path = manager/FirebaseManager.swift; sourceTree = "<group>"; };
		72B881E51E66B65700EB3B2E /* FacebookManager.swift */ = {isa = PBXFileReference; fileEncoding = 4; lastKnownFileType = sourcecode.swift; name = FacebookManager.swift; path = manager/FacebookManager.swift; sourceTree = "<group>"; };
		72B881EB1E676D8A00EB3B2E /* LandingViewController.swift */ = {isa = PBXFileReference; fileEncoding = 4; lastKnownFileType = sourcecode.swift; name = LandingViewController.swift; path = "view-controller/LandingViewController.swift"; sourceTree = "<group>"; };
		72B881EE1E67797100EB3B2E /* RoundedRectangleButton.swift */ = {isa = PBXFileReference; fileEncoding = 4; lastKnownFileType = sourcecode.swift; name = RoundedRectangleButton.swift; path = "custom-ui/RoundedRectangleButton.swift"; sourceTree = "<group>"; };
		72B881F31E678D2900EB3B2E /* AngledButtonPairView.swift */ = {isa = PBXFileReference; fileEncoding = 4; lastKnownFileType = sourcecode.swift; name = AngledButtonPairView.swift; path = "custom-ui/AngledButtonPairView.swift"; sourceTree = "<group>"; };
		72B881F61E67919400EB3B2E /* AngledButtonAttributes.swift */ = {isa = PBXFileReference; fileEncoding = 4; lastKnownFileType = sourcecode.swift; name = AngledButtonAttributes.swift; path = model/AngledButtonAttributes.swift; sourceTree = "<group>"; };
		72B881F81E67961E00EB3B2E /* AngledPairButton.swift */ = {isa = PBXFileReference; fileEncoding = 4; lastKnownFileType = sourcecode.swift; name = AngledPairButton.swift; path = "custom-ui/AngledPairButton.swift"; sourceTree = "<group>"; };
		72B881FB1E67B5A700EB3B2E /* AppUtilities.swift */ = {isa = PBXFileReference; fileEncoding = 4; lastKnownFileType = sourcecode.swift; name = AppUtilities.swift; path = utility/AppUtilities.swift; sourceTree = "<group>"; };
		72B881FD1E67DFB100EB3B2E /* LocalityBaseViewController.swift */ = {isa = PBXFileReference; fileEncoding = 4; lastKnownFileType = sourcecode.swift; name = LocalityBaseViewController.swift; path = "view-controller/LocalityBaseViewController.swift"; sourceTree = "<group>"; };
		72B882001E67E79700EB3B2E /* LoginViewController.swift */ = {isa = PBXFileReference; fileEncoding = 4; lastKnownFileType = sourcecode.swift; name = LoginViewController.swift; path = "view-controller/LoginViewController.swift"; sourceTree = "<group>"; };
		72B882031E67E81900EB3B2E /* BundleExtension.swift */ = {isa = PBXFileReference; fileEncoding = 4; lastKnownFileType = sourcecode.swift; name = BundleExtension.swift; path = extension/BundleExtension.swift; sourceTree = "<group>"; };
		72B882041E67E81900EB3B2E /* UIViewExtension.swift */ = {isa = PBXFileReference; fileEncoding = 4; lastKnownFileType = sourcecode.swift; name = UIViewExtension.swift; path = extension/UIViewExtension.swift; sourceTree = "<group>"; };
		72B882071E688AB300EB3B2E /* CurrentUser.swift */ = {isa = PBXFileReference; fileEncoding = 4; lastKnownFileType = sourcecode.swift; name = CurrentUser.swift; path = model/CurrentUser.swift; sourceTree = "<group>"; };
		72B882091E6894BE00EB3B2E /* UserStatus.swift */ = {isa = PBXFileReference; fileEncoding = 4; lastKnownFileType = sourcecode.swift; name = UserStatus.swift; path = model/UserStatus.swift; sourceTree = "<group>"; };
		72B8820B1E68B8D100EB3B2E /* JoinViewController.swift */ = {isa = PBXFileReference; fileEncoding = 4; lastKnownFileType = sourcecode.swift; name = JoinViewController.swift; path = "view-controller/JoinViewController.swift"; sourceTree = "<group>"; };
		72B8820D1E68D10700EB3B2E /* Interstate-LightCondensed.ttf */ = {isa = PBXFileReference; lastKnownFileType = file; name = "Interstate-LightCondensed.ttf"; path = "fonts/Interstate-LightCondensed.ttf"; sourceTree = "<group>"; };
		72B8820F1E68EAE200EB3B2E /* StringExtension.swift */ = {isa = PBXFileReference; fileEncoding = 4; lastKnownFileType = sourcecode.swift; name = StringExtension.swift; path = extension/StringExtension.swift; sourceTree = "<group>"; };
		72B882111E68F19D00EB3B2E /* UIViewControllerExtension.swift */ = {isa = PBXFileReference; fileEncoding = 4; lastKnownFileType = sourcecode.swift; name = UIViewControllerExtension.swift; path = extension/UIViewControllerExtension.swift; sourceTree = "<group>"; };
		72B882131E693C0500EB3B2E /* JoinValidateViewController.swift */ = {isa = PBXFileReference; fileEncoding = 4; lastKnownFileType = sourcecode.swift; name = JoinValidateViewController.swift; path = "view-controller/JoinValidateViewController.swift"; sourceTree = "<group>"; };
		72B882151E69434000EB3B2E /* JoinUsernameViewController.swift */ = {isa = PBXFileReference; fileEncoding = 4; lastKnownFileType = sourcecode.swift; name = JoinUsernameViewController.swift; path = "view-controller/JoinUsernameViewController.swift"; sourceTree = "<group>"; };
		84886BD7BF3AE7DEF44AC1B8 /* Pods-locality-swift.release.xcconfig */ = {isa = PBXFileReference; includeInIndex = 1; lastKnownFileType = text.xcconfig; name = "Pods-locality-swift.release.xcconfig"; path = "Pods/Target Support Files/Pods-locality-swift/Pods-locality-swift.release.xcconfig"; sourceTree = "<group>"; };
		B0C073B846F1D9C61B783347 /* Pods-locality-swift.debug.xcconfig */ = {isa = PBXFileReference; includeInIndex = 1; lastKnownFileType = text.xcconfig; name = "Pods-locality-swift.debug.xcconfig"; path = "Pods/Target Support Files/Pods-locality-swift/Pods-locality-swift.debug.xcconfig"; sourceTree = "<group>"; };
		DB91C8D02C0D325EDFD2826E /* Pods_locality_swift.framework */ = {isa = PBXFileReference; explicitFileType = wrapper.framework; includeInIndex = 0; path = Pods_locality_swift.framework; sourceTree = BUILT_PRODUCTS_DIR; };
/* End PBXFileReference section */

/* Begin PBXFrameworksBuildPhase section */
		72B8819A1E65EE5000EB3B2E /* Frameworks */ = {
			isa = PBXFrameworksBuildPhase;
			buildActionMask = 2147483647;
			files = (
				A4BE9DA43AD7D9F572693B60 /* Pods_locality_swift.framework in Frameworks */,
			);
			runOnlyForDeploymentPostprocessing = 0;
		};
		72B881B11E65EE5000EB3B2E /* Frameworks */ = {
			isa = PBXFrameworksBuildPhase;
			buildActionMask = 2147483647;
			files = (
			);
			runOnlyForDeploymentPostprocessing = 0;
		};
		72B881BC1E65EE5000EB3B2E /* Frameworks */ = {
			isa = PBXFrameworksBuildPhase;
			buildActionMask = 2147483647;
			files = (
			);
			runOnlyForDeploymentPostprocessing = 0;
		};
/* End PBXFrameworksBuildPhase section */

/* Begin PBXGroup section */
		72B881941E65EE5000EB3B2E = {
			isa = PBXGroup;
			children = (
				72B8819F1E65EE5000EB3B2E /* locality-swift */,
				72B881B71E65EE5000EB3B2E /* locality-swiftTests */,
				72B881C21E65EE5000EB3B2E /* locality-swiftUITests */,
				72B8819E1E65EE5000EB3B2E /* Products */,
				A140867697BC340ACB5B7282 /* Pods */,
				D1625ADB007E5B9687ABCB34 /* Frameworks */,
			);
			sourceTree = "<group>";
		};
		72B8819E1E65EE5000EB3B2E /* Products */ = {
			isa = PBXGroup;
			children = (
				72B8819D1E65EE5000EB3B2E /* locality-swift.app */,
				72B881B41E65EE5000EB3B2E /* locality-swiftTests.xctest */,
				72B881BF1E65EE5000EB3B2E /* locality-swiftUITests.xctest */,
			);
			name = Products;
			sourceTree = "<group>";
		};
		72B8819F1E65EE5000EB3B2E /* locality-swift */ = {
			isa = PBXGroup;
			children = (
				72B881A01E65EE5000EB3B2E /* AppDelegate.swift */,
				72B881A41E65EE5000EB3B2E /* Main.storyboard */,
				72B881AA1E65EE5000EB3B2E /* Assets.xcassets */,
				72B881AC1E65EE5000EB3B2E /* LaunchScreen.storyboard */,
				72B881E41E66B0C400EB3B2E /* bridging-header */,
				72B881D71E665F1C00EB3B2E /* config */,
				72B881ED1E67788B00EB3B2E /* custom-ui */,
				72B881D61E65F60300EB3B2E /* core-data */,
				72B882021E67E80500EB3B2E /* extension */,
				72B881F01E677E0100EB3B2E /* fonts */,
				72B881D41E65F5F000EB3B2E /* manager */,
				72B881F51E67916700EB3B2E /* model */,
				72B881D51E65F5FC00EB3B2E /* plist */,
				72B881FA1E67B59000EB3B2E /* utility */,
				72B881E31E66B0A800EB3B2E /* view-controller */,
			);
			path = "locality-swift";
			sourceTree = "<group>";
		};
		72B881B71E65EE5000EB3B2E /* locality-swiftTests */ = {
			isa = PBXGroup;
			children = (
				72B881B81E65EE5000EB3B2E /* locality_swiftTests.swift */,
				72B881BA1E65EE5000EB3B2E /* Info.plist */,
			);
			path = "locality-swiftTests";
			sourceTree = "<group>";
		};
		72B881C21E65EE5000EB3B2E /* locality-swiftUITests */ = {
			isa = PBXGroup;
			children = (
				72B881C31E65EE5000EB3B2E /* locality_swiftUITests.swift */,
				72B881C51E65EE5000EB3B2E /* Info.plist */,
			);
			path = "locality-swiftUITests";
			sourceTree = "<group>";
		};
		72B881D41E65F5F000EB3B2E /* manager */ = {
			isa = PBXGroup;
			children = (
				72B881D21E65F5E200EB3B2E /* FabricManager.swift */,
				72B881E11E66B02F00EB3B2E /* FirebaseManager.swift */,
				72B881E51E66B65700EB3B2E /* FacebookManager.swift */,
			);
			name = manager;
			sourceTree = "<group>";
		};
		72B881D51E65F5FC00EB3B2E /* plist */ = {
			isa = PBXGroup;
			children = (
				72B881DF1E66AFEF00EB3B2E /* GoogleService-Info.plist */,
				72B881AF1E65EE5000EB3B2E /* Info.plist */,
			);
			name = plist;
			sourceTree = "<group>";
		};
		72B881D61E65F60300EB3B2E /* core-data */ = {
			isa = PBXGroup;
			children = (
				72B881A71E65EE5000EB3B2E /* locality_swift.xcdatamodeld */,
			);
			name = "core-data";
			sourceTree = "<group>";
		};
		72B881D71E665F1C00EB3B2E /* config */ = {
			isa = PBXGroup;
			children = (
				72B881D81E665F3A00EB3B2E /* Config.swift */,
			);
			name = config;
			sourceTree = "<group>";
		};
		72B881E31E66B0A800EB3B2E /* view-controller */ = {
			isa = PBXGroup;
			children = (
				72B881FF1E67E44700EB3B2E /* base */,
				72B8820B1E68B8D100EB3B2E /* JoinViewController.swift */,
				72B882151E69434000EB3B2E /* JoinUsernameViewController.swift */,
				72B882131E693C0500EB3B2E /* JoinValidateViewController.swift */,
				72B881EB1E676D8A00EB3B2E /* LandingViewController.swift */,
				72B882001E67E79700EB3B2E /* LoginViewController.swift */,
			);
			name = "view-controller";
			sourceTree = "<group>";
		};
		72B881E41E66B0C400EB3B2E /* bridging-header */ = {
			isa = PBXGroup;
			children = (
				72B881DE1E66A9B600EB3B2E /* Locality-Bridging-Header.h */,
			);
			name = "bridging-header";
			sourceTree = "<group>";
		};
		72B881ED1E67788B00EB3B2E /* custom-ui */ = {
			isa = PBXGroup;
			children = (
				72B881EE1E67797100EB3B2E /* RoundedRectangleButton.swift */,
				72B881F31E678D2900EB3B2E /* AngledButtonPairView.swift */,
				72B881F81E67961E00EB3B2E /* AngledPairButton.swift */,
			);
			name = "custom-ui";
			sourceTree = "<group>";
		};
		72B881F01E677E0100EB3B2E /* fonts */ = {
			isa = PBXGroup;
			children = (
				72B8820D1E68D10700EB3B2E /* Interstate-LightCondensed.ttf */,
			);
			name = fonts;
			sourceTree = "<group>";
		};
		72B881F51E67916700EB3B2E /* model */ = {
			isa = PBXGroup;
			children = (
				72B881F61E67919400EB3B2E /* AngledButtonAttributes.swift */,
				72B882071E688AB300EB3B2E /* CurrentUser.swift */,
				72B882091E6894BE00EB3B2E /* UserStatus.swift */,
			);
			name = model;
			sourceTree = "<group>";
		};
		72B881FA1E67B59000EB3B2E /* utility */ = {
			isa = PBXGroup;
			children = (
				72B881FB1E67B5A700EB3B2E /* AppUtilities.swift */,
			);
			name = utility;
			sourceTree = "<group>";
		};
		72B881FF1E67E44700EB3B2E /* base */ = {
			isa = PBXGroup;
			children = (
				72B881FD1E67DFB100EB3B2E /* LocalityBaseViewController.swift */,
			);
			name = base;
			sourceTree = "<group>";
		};
		72B882021E67E80500EB3B2E /* extension */ = {
			isa = PBXGroup;
			children = (
				72B882031E67E81900EB3B2E /* BundleExtension.swift */,
				72B882041E67E81900EB3B2E /* UIViewExtension.swift */,
				72B882111E68F19D00EB3B2E /* UIViewControllerExtension.swift */,
				72B8820F1E68EAE200EB3B2E /* StringExtension.swift */,
			);
			name = extension;
			sourceTree = "<group>";
		};
		A140867697BC340ACB5B7282 /* Pods */ = {
			isa = PBXGroup;
			children = (
				B0C073B846F1D9C61B783347 /* Pods-locality-swift.debug.xcconfig */,
				84886BD7BF3AE7DEF44AC1B8 /* Pods-locality-swift.release.xcconfig */,
			);
			name = Pods;
			sourceTree = "<group>";
		};
		D1625ADB007E5B9687ABCB34 /* Frameworks */ = {
			isa = PBXGroup;
			children = (
				DB91C8D02C0D325EDFD2826E /* Pods_locality_swift.framework */,
			);
			name = Frameworks;
			sourceTree = "<group>";
		};
/* End PBXGroup section */

/* Begin PBXNativeTarget section */
		72B8819C1E65EE5000EB3B2E /* locality-swift */ = {
			isa = PBXNativeTarget;
			buildConfigurationList = 72B881C81E65EE5000EB3B2E /* Build configuration list for PBXNativeTarget "locality-swift" */;
			buildPhases = (
				32A1B173CB8B87160BDC3046 /* [CP] Check Pods Manifest.lock */,
				72B881991E65EE5000EB3B2E /* Sources */,
				72B8819A1E65EE5000EB3B2E /* Frameworks */,
				72B8819B1E65EE5000EB3B2E /* Resources */,
				67D6A784E3A7EC7E43112D4A /* [CP] Embed Pods Frameworks */,
				9C148499AB1CD8DD4FE0C08E /* [CP] Copy Pods Resources */,
				72B881D11E65F51900EB3B2E /* ShellScript */,
			);
			buildRules = (
			);
			dependencies = (
			);
			name = "locality-swift";
			productName = "locality-swift";
			productReference = 72B8819D1E65EE5000EB3B2E /* locality-swift.app */;
			productType = "com.apple.product-type.application";
		};
		72B881B31E65EE5000EB3B2E /* locality-swiftTests */ = {
			isa = PBXNativeTarget;
			buildConfigurationList = 72B881CB1E65EE5000EB3B2E /* Build configuration list for PBXNativeTarget "locality-swiftTests" */;
			buildPhases = (
				72B881B01E65EE5000EB3B2E /* Sources */,
				72B881B11E65EE5000EB3B2E /* Frameworks */,
				72B881B21E65EE5000EB3B2E /* Resources */,
			);
			buildRules = (
			);
			dependencies = (
				72B881B61E65EE5000EB3B2E /* PBXTargetDependency */,
			);
			name = "locality-swiftTests";
			productName = "locality-swiftTests";
			productReference = 72B881B41E65EE5000EB3B2E /* locality-swiftTests.xctest */;
			productType = "com.apple.product-type.bundle.unit-test";
		};
		72B881BE1E65EE5000EB3B2E /* locality-swiftUITests */ = {
			isa = PBXNativeTarget;
			buildConfigurationList = 72B881CE1E65EE5000EB3B2E /* Build configuration list for PBXNativeTarget "locality-swiftUITests" */;
			buildPhases = (
				72B881BB1E65EE5000EB3B2E /* Sources */,
				72B881BC1E65EE5000EB3B2E /* Frameworks */,
				72B881BD1E65EE5000EB3B2E /* Resources */,
			);
			buildRules = (
			);
			dependencies = (
				72B881C11E65EE5000EB3B2E /* PBXTargetDependency */,
			);
			name = "locality-swiftUITests";
			productName = "locality-swiftUITests";
			productReference = 72B881BF1E65EE5000EB3B2E /* locality-swiftUITests.xctest */;
			productType = "com.apple.product-type.bundle.ui-testing";
		};
/* End PBXNativeTarget section */

/* Begin PBXProject section */
		72B881951E65EE5000EB3B2E /* Project object */ = {
			isa = PBXProject;
			attributes = {
				LastSwiftUpdateCheck = 0820;
				LastUpgradeCheck = 0820;
				ORGANIZATIONNAME = "Brian Maci";
				TargetAttributes = {
					72B8819C1E65EE5000EB3B2E = {
						CreatedOnToolsVersion = 8.2.1;
						DevelopmentTeam = MF94FJYR24;
						ProvisioningStyle = Automatic;
					};
					72B881B31E65EE5000EB3B2E = {
						CreatedOnToolsVersion = 8.2.1;
						DevelopmentTeam = MF94FJYR24;
						ProvisioningStyle = Automatic;
						TestTargetID = 72B8819C1E65EE5000EB3B2E;
					};
					72B881BE1E65EE5000EB3B2E = {
						CreatedOnToolsVersion = 8.2.1;
						DevelopmentTeam = MF94FJYR24;
						ProvisioningStyle = Automatic;
						TestTargetID = 72B8819C1E65EE5000EB3B2E;
					};
				};
			};
			buildConfigurationList = 72B881981E65EE5000EB3B2E /* Build configuration list for PBXProject "locality-swift" */;
			compatibilityVersion = "Xcode 3.2";
			developmentRegion = English;
			hasScannedForEncodings = 0;
			knownRegions = (
				en,
				Base,
			);
			mainGroup = 72B881941E65EE5000EB3B2E;
			productRefGroup = 72B8819E1E65EE5000EB3B2E /* Products */;
			projectDirPath = "";
			projectRoot = "";
			targets = (
				72B8819C1E65EE5000EB3B2E /* locality-swift */,
				72B881B31E65EE5000EB3B2E /* locality-swiftTests */,
				72B881BE1E65EE5000EB3B2E /* locality-swiftUITests */,
			);
		};
/* End PBXProject section */

/* Begin PBXResourcesBuildPhase section */
		72B8819B1E65EE5000EB3B2E /* Resources */ = {
			isa = PBXResourcesBuildPhase;
			buildActionMask = 2147483647;
			files = (
				72B881AE1E65EE5000EB3B2E /* LaunchScreen.storyboard in Resources */,
				72B881E01E66AFEF00EB3B2E /* GoogleService-Info.plist in Resources */,
				72B881AB1E65EE5000EB3B2E /* Assets.xcassets in Resources */,
				72B881A61E65EE5000EB3B2E /* Main.storyboard in Resources */,
				72B8820E1E68D10700EB3B2E /* Interstate-LightCondensed.ttf in Resources */,
			);
			runOnlyForDeploymentPostprocessing = 0;
		};
		72B881B21E65EE5000EB3B2E /* Resources */ = {
			isa = PBXResourcesBuildPhase;
			buildActionMask = 2147483647;
			files = (
			);
			runOnlyForDeploymentPostprocessing = 0;
		};
		72B881BD1E65EE5000EB3B2E /* Resources */ = {
			isa = PBXResourcesBuildPhase;
			buildActionMask = 2147483647;
			files = (
			);
			runOnlyForDeploymentPostprocessing = 0;
		};
/* End PBXResourcesBuildPhase section */

/* Begin PBXShellScriptBuildPhase section */
		32A1B173CB8B87160BDC3046 /* [CP] Check Pods Manifest.lock */ = {
			isa = PBXShellScriptBuildPhase;
			buildActionMask = 2147483647;
			files = (
			);
			inputPaths = (
			);
			name = "[CP] Check Pods Manifest.lock";
			outputPaths = (
			);
			runOnlyForDeploymentPostprocessing = 0;
			shellPath = /bin/sh;
			shellScript = "diff \"${PODS_ROOT}/../Podfile.lock\" \"${PODS_ROOT}/Manifest.lock\" > /dev/null\nif [ $? != 0 ] ; then\n    # print error to STDERR\n    echo \"error: The sandbox is not in sync with the Podfile.lock. Run 'pod install' or update your CocoaPods installation.\" >&2\n    exit 1\nfi\n";
			showEnvVarsInLog = 0;
		};
		67D6A784E3A7EC7E43112D4A /* [CP] Embed Pods Frameworks */ = {
			isa = PBXShellScriptBuildPhase;
			buildActionMask = 2147483647;
			files = (
			);
			inputPaths = (
			);
			name = "[CP] Embed Pods Frameworks";
			outputPaths = (
			);
			runOnlyForDeploymentPostprocessing = 0;
			shellPath = /bin/sh;
			shellScript = "\"${SRCROOT}/Pods/Target Support Files/Pods-locality-swift/Pods-locality-swift-frameworks.sh\"\n";
			showEnvVarsInLog = 0;
		};
		72B881D11E65F51900EB3B2E /* ShellScript */ = {
			isa = PBXShellScriptBuildPhase;
			buildActionMask = 2147483647;
			files = (
			);
			inputPaths = (
			);
			outputPaths = (
			);
			runOnlyForDeploymentPostprocessing = 0;
			shellPath = /bin/sh;
			shellScript = "\"${PODS_ROOT}/Fabric/run\" 41fa09b9fb817786104be7b08ecff0deb5a3ac50 a09d3a4472cc05716fed6b97988fb6a7858700eaa20ef85e8ede354e2ab187bc";
		};
		9C148499AB1CD8DD4FE0C08E /* [CP] Copy Pods Resources */ = {
			isa = PBXShellScriptBuildPhase;
			buildActionMask = 2147483647;
			files = (
			);
			inputPaths = (
			);
			name = "[CP] Copy Pods Resources";
			outputPaths = (
			);
			runOnlyForDeploymentPostprocessing = 0;
			shellPath = /bin/sh;
			shellScript = "\"${SRCROOT}/Pods/Target Support Files/Pods-locality-swift/Pods-locality-swift-resources.sh\"\n";
			showEnvVarsInLog = 0;
		};
/* End PBXShellScriptBuildPhase section */

/* Begin PBXSourcesBuildPhase section */
		72B881991E65EE5000EB3B2E /* Sources */ = {
			isa = PBXSourcesBuildPhase;
			buildActionMask = 2147483647;
			files = (
				72B882011E67E79700EB3B2E /* LoginViewController.swift in Sources */,
				72B881FE1E67DFB100EB3B2E /* LocalityBaseViewController.swift in Sources */,
				72B881E61E66B65700EB3B2E /* FacebookManager.swift in Sources */,
				72B881EF1E67797100EB3B2E /* RoundedRectangleButton.swift in Sources */,
				72B8820A1E6894BE00EB3B2E /* UserStatus.swift in Sources */,
				72B882121E68F19D00EB3B2E /* UIViewControllerExtension.swift in Sources */,
				72B881E21E66B02F00EB3B2E /* FirebaseManager.swift in Sources */,
				72B882051E67E81900EB3B2E /* BundleExtension.swift in Sources */,
				72B882141E693C0500EB3B2E /* JoinValidateViewController.swift in Sources */,
				72B882061E67E81900EB3B2E /* UIViewExtension.swift in Sources */,
				72B881EC1E676D8A00EB3B2E /* LandingViewController.swift in Sources */,
				72B881F91E67961E00EB3B2E /* AngledPairButton.swift in Sources */,
				72B881D31E65F5E200EB3B2E /* FabricManager.swift in Sources */,
				72B881D91E665F3A00EB3B2E /* Config.swift in Sources */,
				72B882101E68EAE200EB3B2E /* StringExtension.swift in Sources */,
				72B882081E688AB300EB3B2E /* CurrentUser.swift in Sources */,
				72B881F71E67919400EB3B2E /* AngledButtonAttributes.swift in Sources */,
				72B881FC1E67B5A700EB3B2E /* AppUtilities.swift in Sources */,
				72B881F41E678D2900EB3B2E /* AngledButtonPairView.swift in Sources */,
				72B8820C1E68B8D100EB3B2E /* JoinViewController.swift in Sources */,
				72B881A11E65EE5000EB3B2E /* AppDelegate.swift in Sources */,
				72B882161E69434000EB3B2E /* JoinUsernameViewController.swift in Sources */,
				72B881A91E65EE5000EB3B2E /* locality_swift.xcdatamodeld in Sources */,
			);
			runOnlyForDeploymentPostprocessing = 0;
		};
		72B881B01E65EE5000EB3B2E /* Sources */ = {
			isa = PBXSourcesBuildPhase;
			buildActionMask = 2147483647;
			files = (
				72B881B91E65EE5000EB3B2E /* locality_swiftTests.swift in Sources */,
			);
			runOnlyForDeploymentPostprocessing = 0;
		};
		72B881BB1E65EE5000EB3B2E /* Sources */ = {
			isa = PBXSourcesBuildPhase;
			buildActionMask = 2147483647;
			files = (
				72B881C41E65EE5000EB3B2E /* locality_swiftUITests.swift in Sources */,
			);
			runOnlyForDeploymentPostprocessing = 0;
		};
/* End PBXSourcesBuildPhase section */

/* Begin PBXTargetDependency section */
		72B881B61E65EE5000EB3B2E /* PBXTargetDependency */ = {
			isa = PBXTargetDependency;
			target = 72B8819C1E65EE5000EB3B2E /* locality-swift */;
			targetProxy = 72B881B51E65EE5000EB3B2E /* PBXContainerItemProxy */;
		};
		72B881C11E65EE5000EB3B2E /* PBXTargetDependency */ = {
			isa = PBXTargetDependency;
			target = 72B8819C1E65EE5000EB3B2E /* locality-swift */;
			targetProxy = 72B881C01E65EE5000EB3B2E /* PBXContainerItemProxy */;
		};
/* End PBXTargetDependency section */

/* Begin PBXVariantGroup section */
		72B881A41E65EE5000EB3B2E /* Main.storyboard */ = {
			isa = PBXVariantGroup;
			children = (
				72B881A51E65EE5000EB3B2E /* Base */,
			);
			name = Main.storyboard;
			sourceTree = "<group>";
		};
		72B881AC1E65EE5000EB3B2E /* LaunchScreen.storyboard */ = {
			isa = PBXVariantGroup;
			children = (
				72B881AD1E65EE5000EB3B2E /* Base */,
			);
			name = LaunchScreen.storyboard;
			sourceTree = "<group>";
		};
/* End PBXVariantGroup section */

/* Begin XCBuildConfiguration section */
		72B881C61E65EE5000EB3B2E /* Debug */ = {
			isa = XCBuildConfiguration;
			buildSettings = {
				ALWAYS_SEARCH_USER_PATHS = NO;
				CLANG_ANALYZER_NONNULL = YES;
				CLANG_CXX_LANGUAGE_STANDARD = "gnu++0x";
				CLANG_CXX_LIBRARY = "libc++";
				CLANG_ENABLE_MODULES = YES;
				CLANG_ENABLE_OBJC_ARC = YES;
				CLANG_WARN_BOOL_CONVERSION = YES;
				CLANG_WARN_CONSTANT_CONVERSION = YES;
				CLANG_WARN_DIRECT_OBJC_ISA_USAGE = YES_ERROR;
				CLANG_WARN_DOCUMENTATION_COMMENTS = YES;
				CLANG_WARN_EMPTY_BODY = YES;
				CLANG_WARN_ENUM_CONVERSION = YES;
				CLANG_WARN_INFINITE_RECURSION = YES;
				CLANG_WARN_INT_CONVERSION = YES;
				CLANG_WARN_OBJC_ROOT_CLASS = YES_ERROR;
				CLANG_WARN_SUSPICIOUS_MOVE = YES;
				CLANG_WARN_UNREACHABLE_CODE = YES;
				CLANG_WARN__DUPLICATE_METHOD_MATCH = YES;
				"CODE_SIGN_IDENTITY[sdk=iphoneos*]" = "iPhone Developer";
				COPY_PHASE_STRIP = NO;
				DEBUG_INFORMATION_FORMAT = dwarf;
				ENABLE_STRICT_OBJC_MSGSEND = YES;
				ENABLE_TESTABILITY = YES;
				GCC_C_LANGUAGE_STANDARD = gnu99;
				GCC_DYNAMIC_NO_PIC = NO;
				GCC_NO_COMMON_BLOCKS = YES;
				GCC_OPTIMIZATION_LEVEL = 0;
				GCC_PREPROCESSOR_DEFINITIONS = (
					"DEBUG=1",
					"$(inherited)",
				);
				GCC_WARN_64_TO_32_BIT_CONVERSION = YES;
				GCC_WARN_ABOUT_RETURN_TYPE = YES_ERROR;
				GCC_WARN_UNDECLARED_SELECTOR = YES;
				GCC_WARN_UNINITIALIZED_AUTOS = YES_AGGRESSIVE;
				GCC_WARN_UNUSED_FUNCTION = YES;
				GCC_WARN_UNUSED_VARIABLE = YES;
				IPHONEOS_DEPLOYMENT_TARGET = 10.2;
				MTL_ENABLE_DEBUG_INFO = YES;
				ONLY_ACTIVE_ARCH = YES;
				SDKROOT = iphoneos;
				SWIFT_ACTIVE_COMPILATION_CONDITIONS = DEBUG;
				SWIFT_OPTIMIZATION_LEVEL = "-Onone";
			};
			name = Debug;
		};
		72B881C71E65EE5000EB3B2E /* Release */ = {
			isa = XCBuildConfiguration;
			buildSettings = {
				ALWAYS_SEARCH_USER_PATHS = NO;
				CLANG_ANALYZER_NONNULL = YES;
				CLANG_CXX_LANGUAGE_STANDARD = "gnu++0x";
				CLANG_CXX_LIBRARY = "libc++";
				CLANG_ENABLE_MODULES = YES;
				CLANG_ENABLE_OBJC_ARC = YES;
				CLANG_WARN_BOOL_CONVERSION = YES;
				CLANG_WARN_CONSTANT_CONVERSION = YES;
				CLANG_WARN_DIRECT_OBJC_ISA_USAGE = YES_ERROR;
				CLANG_WARN_DOCUMENTATION_COMMENTS = YES;
				CLANG_WARN_EMPTY_BODY = YES;
				CLANG_WARN_ENUM_CONVERSION = YES;
				CLANG_WARN_INFINITE_RECURSION = YES;
				CLANG_WARN_INT_CONVERSION = YES;
				CLANG_WARN_OBJC_ROOT_CLASS = YES_ERROR;
				CLANG_WARN_SUSPICIOUS_MOVE = YES;
				CLANG_WARN_UNREACHABLE_CODE = YES;
				CLANG_WARN__DUPLICATE_METHOD_MATCH = YES;
				"CODE_SIGN_IDENTITY[sdk=iphoneos*]" = "iPhone Developer";
				COPY_PHASE_STRIP = NO;
				DEBUG_INFORMATION_FORMAT = "dwarf-with-dsym";
				ENABLE_NS_ASSERTIONS = NO;
				ENABLE_STRICT_OBJC_MSGSEND = YES;
				GCC_C_LANGUAGE_STANDARD = gnu99;
				GCC_NO_COMMON_BLOCKS = YES;
				GCC_WARN_64_TO_32_BIT_CONVERSION = YES;
				GCC_WARN_ABOUT_RETURN_TYPE = YES_ERROR;
				GCC_WARN_UNDECLARED_SELECTOR = YES;
				GCC_WARN_UNINITIALIZED_AUTOS = YES_AGGRESSIVE;
				GCC_WARN_UNUSED_FUNCTION = YES;
				GCC_WARN_UNUSED_VARIABLE = YES;
				IPHONEOS_DEPLOYMENT_TARGET = 10.2;
				MTL_ENABLE_DEBUG_INFO = NO;
				SDKROOT = iphoneos;
				SWIFT_OPTIMIZATION_LEVEL = "-Owholemodule";
				VALIDATE_PRODUCT = YES;
			};
			name = Release;
		};
		72B881C91E65EE5000EB3B2E /* Debug */ = {
			isa = XCBuildConfiguration;
			baseConfigurationReference = B0C073B846F1D9C61B783347 /* Pods-locality-swift.debug.xcconfig */;
			buildSettings = {
				ASSETCATALOG_COMPILER_APPICON_NAME = AppIcon;
				DEBUG_INFORMATION_FORMAT = "dwarf-with-dsym";
				DEVELOPMENT_TEAM = MF94FJYR24;
				INFOPLIST_FILE = "locality-swift/Info.plist";
				LD_RUNPATH_SEARCH_PATHS = "$(inherited) @executable_path/Frameworks";
				PRODUCT_BUNDLE_IDENTIFIER = "com.briancmaci.locality-swift";
				PRODUCT_NAME = "$(TARGET_NAME)";
				SWIFT_OBJC_BRIDGING_HEADER = "locality-swift/Locality-Bridging-Header.h";
				SWIFT_VERSION = 3.0;
			};
			name = Debug;
		};
		72B881CA1E65EE5000EB3B2E /* Release */ = {
			isa = XCBuildConfiguration;
			baseConfigurationReference = 84886BD7BF3AE7DEF44AC1B8 /* Pods-locality-swift.release.xcconfig */;
			buildSettings = {
				ASSETCATALOG_COMPILER_APPICON_NAME = AppIcon;
				DEBUG_INFORMATION_FORMAT = "dwarf-with-dsym";
				DEVELOPMENT_TEAM = MF94FJYR24;
				INFOPLIST_FILE = "locality-swift/Info.plist";
				LD_RUNPATH_SEARCH_PATHS = "$(inherited) @executable_path/Frameworks";
				PRODUCT_BUNDLE_IDENTIFIER = "com.briancmaci.locality-swift";
				PRODUCT_NAME = "$(TARGET_NAME)";
				SWIFT_OBJC_BRIDGING_HEADER = "locality-swift/Locality-Bridging-Header.h";
				SWIFT_VERSION = 3.0;
			};
			name = Release;
		};
		72B881CC1E65EE5000EB3B2E /* Debug */ = {
			isa = XCBuildConfiguration;
			buildSettings = {
				ALWAYS_EMBED_SWIFT_STANDARD_LIBRARIES = YES;
				BUNDLE_LOADER = "$(TEST_HOST)";
				DEVELOPMENT_TEAM = MF94FJYR24;
				INFOPLIST_FILE = "locality-swiftTests/Info.plist";
				LD_RUNPATH_SEARCH_PATHS = "$(inherited) @executable_path/Frameworks @loader_path/Frameworks";
				PRODUCT_BUNDLE_IDENTIFIER = "com.briancmaci.locality-swiftTests";
				PRODUCT_NAME = "$(TARGET_NAME)";
				SWIFT_VERSION = 3.0;
				TEST_HOST = "$(BUILT_PRODUCTS_DIR)/locality-swift.app/locality-swift";
			};
			name = Debug;
		};
		72B881CD1E65EE5000EB3B2E /* Release */ = {
			isa = XCBuildConfiguration;
			buildSettings = {
				ALWAYS_EMBED_SWIFT_STANDARD_LIBRARIES = YES;
				BUNDLE_LOADER = "$(TEST_HOST)";
				DEVELOPMENT_TEAM = MF94FJYR24;
				INFOPLIST_FILE = "locality-swiftTests/Info.plist";
				LD_RUNPATH_SEARCH_PATHS = "$(inherited) @executable_path/Frameworks @loader_path/Frameworks";
				PRODUCT_BUNDLE_IDENTIFIER = "com.briancmaci.locality-swiftTests";
				PRODUCT_NAME = "$(TARGET_NAME)";
				SWIFT_VERSION = 3.0;
				TEST_HOST = "$(BUILT_PRODUCTS_DIR)/locality-swift.app/locality-swift";
			};
			name = Release;
		};
		72B881CF1E65EE5000EB3B2E /* Debug */ = {
			isa = XCBuildConfiguration;
			buildSettings = {
				ALWAYS_EMBED_SWIFT_STANDARD_LIBRARIES = YES;
				DEVELOPMENT_TEAM = MF94FJYR24;
				INFOPLIST_FILE = "locality-swiftUITests/Info.plist";
				LD_RUNPATH_SEARCH_PATHS = "$(inherited) @executable_path/Frameworks @loader_path/Frameworks";
				PRODUCT_BUNDLE_IDENTIFIER = "com.briancmaci.locality-swiftUITests";
				PRODUCT_NAME = "$(TARGET_NAME)";
				SWIFT_VERSION = 3.0;
				TEST_TARGET_NAME = "locality-swift";
			};
			name = Debug;
		};
		72B881D01E65EE5000EB3B2E /* Release */ = {
			isa = XCBuildConfiguration;
			buildSettings = {
				ALWAYS_EMBED_SWIFT_STANDARD_LIBRARIES = YES;
				DEVELOPMENT_TEAM = MF94FJYR24;
				INFOPLIST_FILE = "locality-swiftUITests/Info.plist";
				LD_RUNPATH_SEARCH_PATHS = "$(inherited) @executable_path/Frameworks @loader_path/Frameworks";
				PRODUCT_BUNDLE_IDENTIFIER = "com.briancmaci.locality-swiftUITests";
				PRODUCT_NAME = "$(TARGET_NAME)";
				SWIFT_VERSION = 3.0;
				TEST_TARGET_NAME = "locality-swift";
			};
			name = Release;
		};
/* End XCBuildConfiguration section */

/* Begin XCConfigurationList section */
		72B881981E65EE5000EB3B2E /* Build configuration list for PBXProject "locality-swift" */ = {
			isa = XCConfigurationList;
			buildConfigurations = (
				72B881C61E65EE5000EB3B2E /* Debug */,
				72B881C71E65EE5000EB3B2E /* Release */,
			);
			defaultConfigurationIsVisible = 0;
			defaultConfigurationName = Release;
		};
		72B881C81E65EE5000EB3B2E /* Build configuration list for PBXNativeTarget "locality-swift" */ = {
			isa = XCConfigurationList;
			buildConfigurations = (
				72B881C91E65EE5000EB3B2E /* Debug */,
				72B881CA1E65EE5000EB3B2E /* Release */,
			);
			defaultConfigurationIsVisible = 0;
			defaultConfigurationName = Release;
		};
		72B881CB1E65EE5000EB3B2E /* Build configuration list for PBXNativeTarget "locality-swiftTests" */ = {
			isa = XCConfigurationList;
			buildConfigurations = (
				72B881CC1E65EE5000EB3B2E /* Debug */,
				72B881CD1E65EE5000EB3B2E /* Release */,
			);
			defaultConfigurationIsVisible = 0;
			defaultConfigurationName = Release;
		};
		72B881CE1E65EE5000EB3B2E /* Build configuration list for PBXNativeTarget "locality-swiftUITests" */ = {
			isa = XCConfigurationList;
			buildConfigurations = (
				72B881CF1E65EE5000EB3B2E /* Debug */,
				72B881D01E65EE5000EB3B2E /* Release */,
			);
			defaultConfigurationIsVisible = 0;
			defaultConfigurationName = Release;
		};
/* End XCConfigurationList section */

/* Begin XCVersionGroup section */
		72B881A71E65EE5000EB3B2E /* locality_swift.xcdatamodeld */ = {
			isa = XCVersionGroup;
			children = (
				72B881A81E65EE5000EB3B2E /* locality_swift.xcdatamodel */,
			);
			currentVersion = 72B881A81E65EE5000EB3B2E /* locality_swift.xcdatamodel */;
			path = locality_swift.xcdatamodeld;
			sourceTree = "<group>";
			versionGroupType = wrapper.xcdatamodel;
		};
/* End XCVersionGroup section */
	};
	rootObject = 72B881951E65EE5000EB3B2E /* Project object */;
}
